// !$*UTF8*$!
{
	archiveVersion = 1;
	classes = {
	};
	objectVersion = 77;
	objects = {

/* Begin PBXBuildFile section */
		BF260B4A2D64A5C300C180C4 /* Service.framework in Frameworks */ = {isa = PBXBuildFile; fileRef = BF260B372D64A5C300C180C4 /* Service.framework */; };
		BF260B4B2D64A5C300C180C4 /* Service.framework in Embed Frameworks */ = {isa = PBXBuildFile; fileRef = BF260B372D64A5C300C180C4 /* Service.framework */; settings = {ATTRIBUTES = (CodeSignOnCopy, RemoveHeadersOnCopy, ); }; };
		BF260B542D64A5CE00C180C4 /* Domain.framework in Frameworks */ = {isa = PBXBuildFile; fileRef = BF4181C42D6444F300332178 /* Domain.framework */; };
		BF260B552D64A5CE00C180C4 /* Domain.framework in Embed Frameworks */ = {isa = PBXBuildFile; fileRef = BF4181C42D6444F300332178 /* Domain.framework */; settings = {ATTRIBUTES = (CodeSignOnCopy, RemoveHeadersOnCopy, ); }; };
		BF4181CC2D6444F300332178 /* Domain.framework in Frameworks */ = {isa = PBXBuildFile; fileRef = BF4181C42D6444F300332178 /* Domain.framework */; };
		BF4E5D652D6587870050465E /* PortfolioFeature.framework in Frameworks */ = {isa = PBXBuildFile; fileRef = BF4E5D5D2D6587870050465E /* PortfolioFeature.framework */; };
		BF4E5D702D6587870050465E /* PortfolioFeature.framework in Frameworks */ = {isa = PBXBuildFile; fileRef = BF4E5D5D2D6587870050465E /* PortfolioFeature.framework */; };
		BF4E5D712D6587870050465E /* PortfolioFeature.framework in Embed Frameworks */ = {isa = PBXBuildFile; fileRef = BF4E5D5D2D6587870050465E /* PortfolioFeature.framework */; settings = {ATTRIBUTES = (CodeSignOnCopy, RemoveHeadersOnCopy, ); }; };
		BF4E5D862D6587C10050465E /* Core.framework in Frameworks */ = {isa = PBXBuildFile; fileRef = BF4E5D7E2D6587C10050465E /* Core.framework */; };
		BF4E5DA42D6588680050465E /* Core.framework in Frameworks */ = {isa = PBXBuildFile; fileRef = BF4E5D7E2D6587C10050465E /* Core.framework */; };
		BF4E5DA52D6588680050465E /* Core.framework in Embed Frameworks */ = {isa = PBXBuildFile; fileRef = BF4E5D7E2D6587C10050465E /* Core.framework */; settings = {ATTRIBUTES = (CodeSignOnCopy, RemoveHeadersOnCopy, ); }; };
		BF4E5DA92D65889B0050465E /* Service.framework in Frameworks */ = {isa = PBXBuildFile; fileRef = BF260B372D64A5C300C180C4 /* Service.framework */; };
		BF4E5DAA2D65889B0050465E /* Service.framework in Embed Frameworks */ = {isa = PBXBuildFile; fileRef = BF260B372D64A5C300C180C4 /* Service.framework */; settings = {ATTRIBUTES = (CodeSignOnCopy, RemoveHeadersOnCopy, ); }; };
		BF4E5DAD2D6588A10050465E /* Domain.framework in Frameworks */ = {isa = PBXBuildFile; fileRef = BF4181C42D6444F300332178 /* Domain.framework */; };
		BF4E5DAE2D6588A10050465E /* Domain.framework in Embed Frameworks */ = {isa = PBXBuildFile; fileRef = BF4181C42D6444F300332178 /* Domain.framework */; settings = {ATTRIBUTES = (CodeSignOnCopy, RemoveHeadersOnCopy, ); }; };
		BF4E5DB12D6589A90050465E /* Dependency.framework in Frameworks */ = {isa = PBXBuildFile; fileRef = BFC092882D64F992005742C0 /* Dependency.framework */; };
		BF4E5DB22D6589A90050465E /* Dependency.framework in Embed Frameworks */ = {isa = PBXBuildFile; fileRef = BFC092882D64F992005742C0 /* Dependency.framework */; settings = {ATTRIBUTES = (CodeSignOnCopy, RemoveHeadersOnCopy, ); }; };
		BFB754102D659A23007F1F06 /* Core.framework in Frameworks */ = {isa = PBXBuildFile; fileRef = BF4E5D7E2D6587C10050465E /* Core.framework */; };
		BFB754112D659A23007F1F06 /* Core.framework in Embed Frameworks */ = {isa = PBXBuildFile; fileRef = BF4E5D7E2D6587C10050465E /* Core.framework */; settings = {ATTRIBUTES = (CodeSignOnCopy, RemoveHeadersOnCopy, ); }; };
		BFC092902D64F992005742C0 /* Dependency.framework in Frameworks */ = {isa = PBXBuildFile; fileRef = BFC092882D64F992005742C0 /* Dependency.framework */; };
		BFC0929B2D64F992005742C0 /* Dependency.framework in Frameworks */ = {isa = PBXBuildFile; fileRef = BFC092882D64F992005742C0 /* Dependency.framework */; };
		BFC0929C2D64F992005742C0 /* Dependency.framework in Embed Frameworks */ = {isa = PBXBuildFile; fileRef = BFC092882D64F992005742C0 /* Dependency.framework */; settings = {ATTRIBUTES = (CodeSignOnCopy, RemoveHeadersOnCopy, ); }; };
		BFC092BE2D64FA5D005742C0 /* Domain.framework in Frameworks */ = {isa = PBXBuildFile; fileRef = BF4181C42D6444F300332178 /* Domain.framework */; };
		BFC092BF2D64FA5D005742C0 /* Domain.framework in Embed Frameworks */ = {isa = PBXBuildFile; fileRef = BF4181C42D6444F300332178 /* Domain.framework */; settings = {ATTRIBUTES = (CodeSignOnCopy, RemoveHeadersOnCopy, ); }; };
		BFC092C22D64FA5D005742C0 /* Service.framework in Frameworks */ = {isa = PBXBuildFile; fileRef = BF260B372D64A5C300C180C4 /* Service.framework */; };
		BFC092C32D64FA5D005742C0 /* Service.framework in Embed Frameworks */ = {isa = PBXBuildFile; fileRef = BF260B372D64A5C300C180C4 /* Service.framework */; settings = {ATTRIBUTES = (CodeSignOnCopy, RemoveHeadersOnCopy, ); }; };
/* End PBXBuildFile section */

/* Begin PBXContainerItemProxy section */
		BF260B482D64A5C300C180C4 /* PBXContainerItemProxy */ = {
			isa = PBXContainerItemProxy;
			containerPortal = BF4181892D64437300332178 /* Project object */;
			proxyType = 1;
			remoteGlobalIDString = BF260B362D64A5C300C180C4;
			remoteInfo = Service;
		};
		BF260B562D64A5CE00C180C4 /* PBXContainerItemProxy */ = {
			isa = PBXContainerItemProxy;
			containerPortal = BF4181892D64437300332178 /* Project object */;
			proxyType = 1;
			remoteGlobalIDString = BF4181C32D6444F300332178;
			remoteInfo = Domain;
		};
		BF4181CD2D6444F300332178 /* PBXContainerItemProxy */ = {
			isa = PBXContainerItemProxy;
			containerPortal = BF4181892D64437300332178 /* Project object */;
			proxyType = 1;
			remoteGlobalIDString = BF4181C32D6444F300332178;
			remoteInfo = Domain;
		};
		BF4181CF2D6444F300332178 /* PBXContainerItemProxy */ = {
			isa = PBXContainerItemProxy;
			containerPortal = BF4181892D64437300332178 /* Project object */;
			proxyType = 1;
			remoteGlobalIDString = BF4181902D64437300332178;
			remoteInfo = Bwallet;
		};
		BF4E5D662D6587870050465E /* PBXContainerItemProxy */ = {
			isa = PBXContainerItemProxy;
			containerPortal = BF4181892D64437300332178 /* Project object */;
			proxyType = 1;
			remoteGlobalIDString = BF4E5D5C2D6587870050465E;
			remoteInfo = PortfolioFeature;
		};
		BF4E5D682D6587870050465E /* PBXContainerItemProxy */ = {
			isa = PBXContainerItemProxy;
			containerPortal = BF4181892D64437300332178 /* Project object */;
			proxyType = 1;
			remoteGlobalIDString = BF4181902D64437300332178;
			remoteInfo = Bwallet;
		};
		BF4E5D6E2D6587870050465E /* PBXContainerItemProxy */ = {
			isa = PBXContainerItemProxy;
			containerPortal = BF4181892D64437300332178 /* Project object */;
			proxyType = 1;
			remoteGlobalIDString = BF4E5D5C2D6587870050465E;
			remoteInfo = PortfolioFeature;
		};
		BF4E5D872D6587C10050465E /* PBXContainerItemProxy */ = {
			isa = PBXContainerItemProxy;
			containerPortal = BF4181892D64437300332178 /* Project object */;
			proxyType = 1;
			remoteGlobalIDString = BF4E5D7D2D6587C10050465E;
			remoteInfo = Core;
		};
		BF4E5D892D6587C10050465E /* PBXContainerItemProxy */ = {
			isa = PBXContainerItemProxy;
			containerPortal = BF4181892D64437300332178 /* Project object */;
			proxyType = 1;
			remoteGlobalIDString = BF4181902D64437300332178;
			remoteInfo = Bwallet;
		};
		BF4E5DA62D6588680050465E /* PBXContainerItemProxy */ = {
			isa = PBXContainerItemProxy;
			containerPortal = BF4181892D64437300332178 /* Project object */;
			proxyType = 1;
			remoteGlobalIDString = BF4E5D7D2D6587C10050465E;
			remoteInfo = Core;
		};
		BF4E5DAB2D65889B0050465E /* PBXContainerItemProxy */ = {
			isa = PBXContainerItemProxy;
			containerPortal = BF4181892D64437300332178 /* Project object */;
			proxyType = 1;
			remoteGlobalIDString = BF260B362D64A5C300C180C4;
			remoteInfo = Service;
		};
		BF4E5DAF2D6588A10050465E /* PBXContainerItemProxy */ = {
			isa = PBXContainerItemProxy;
			containerPortal = BF4181892D64437300332178 /* Project object */;
			proxyType = 1;
			remoteGlobalIDString = BF4181C32D6444F300332178;
			remoteInfo = Domain;
		};
		BF4E5DB32D6589A90050465E /* PBXContainerItemProxy */ = {
			isa = PBXContainerItemProxy;
			containerPortal = BF4181892D64437300332178 /* Project object */;
			proxyType = 1;
			remoteGlobalIDString = BFC092872D64F992005742C0;
			remoteInfo = Dependency;
		};
		BFB754122D659A23007F1F06 /* PBXContainerItemProxy */ = {
			isa = PBXContainerItemProxy;
			containerPortal = BF4181892D64437300332178 /* Project object */;
			proxyType = 1;
			remoteGlobalIDString = BF4E5D7D2D6587C10050465E;
			remoteInfo = Core;
		};
		BFC092912D64F992005742C0 /* PBXContainerItemProxy */ = {
			isa = PBXContainerItemProxy;
			containerPortal = BF4181892D64437300332178 /* Project object */;
			proxyType = 1;
			remoteGlobalIDString = BFC092872D64F992005742C0;
			remoteInfo = Dependency;
		};
		BFC092932D64F992005742C0 /* PBXContainerItemProxy */ = {
			isa = PBXContainerItemProxy;
			containerPortal = BF4181892D64437300332178 /* Project object */;
			proxyType = 1;
			remoteGlobalIDString = BF4181902D64437300332178;
			remoteInfo = Bwallet;
		};
		BFC092992D64F992005742C0 /* PBXContainerItemProxy */ = {
			isa = PBXContainerItemProxy;
			containerPortal = BF4181892D64437300332178 /* Project object */;
			proxyType = 1;
			remoteGlobalIDString = BFC092872D64F992005742C0;
			remoteInfo = Dependency;
		};
		BFC092C02D64FA5D005742C0 /* PBXContainerItemProxy */ = {
			isa = PBXContainerItemProxy;
			containerPortal = BF4181892D64437300332178 /* Project object */;
			proxyType = 1;
			remoteGlobalIDString = BF4181C32D6444F300332178;
			remoteInfo = Domain;
		};
		BFC092C42D64FA5D005742C0 /* PBXContainerItemProxy */ = {
			isa = PBXContainerItemProxy;
			containerPortal = BF4181892D64437300332178 /* Project object */;
			proxyType = 1;
			remoteGlobalIDString = BF260B362D64A5C300C180C4;
			remoteInfo = Service;
		};
/* End PBXContainerItemProxy section */

/* Begin PBXCopyFilesBuildPhase section */
		BF260B502D64A5C300C180C4 /* Embed Frameworks */ = {
			isa = PBXCopyFilesBuildPhase;
			buildActionMask = 2147483647;
			dstPath = "";
			dstSubfolderSpec = 10;
			files = (
				BF260B4B2D64A5C300C180C4 /* Service.framework in Embed Frameworks */,
				BFC0929C2D64F992005742C0 /* Dependency.framework in Embed Frameworks */,
				BF4E5D712D6587870050465E /* PortfolioFeature.framework in Embed Frameworks */,
			);
			name = "Embed Frameworks";
			runOnlyForDeploymentPostprocessing = 0;
		};
		BF260B582D64A5CE00C180C4 /* Embed Frameworks */ = {
			isa = PBXCopyFilesBuildPhase;
			buildActionMask = 2147483647;
			dstPath = "";
			dstSubfolderSpec = 10;
			files = (
				BF260B552D64A5CE00C180C4 /* Domain.framework in Embed Frameworks */,
			);
			name = "Embed Frameworks";
			runOnlyForDeploymentPostprocessing = 0;
		};
		BF4E5DA82D6588680050465E /* Embed Frameworks */ = {
			isa = PBXCopyFilesBuildPhase;
			buildActionMask = 2147483647;
			dstPath = "";
			dstSubfolderSpec = 10;
			files = (
				BF4E5DAE2D6588A10050465E /* Domain.framework in Embed Frameworks */,
				BF4E5DAA2D65889B0050465E /* Service.framework in Embed Frameworks */,
				BF4E5DA52D6588680050465E /* Core.framework in Embed Frameworks */,
			);
			name = "Embed Frameworks";
			runOnlyForDeploymentPostprocessing = 0;
		};
		BF4E5DB52D6589A90050465E /* Embed Frameworks */ = {
			isa = PBXCopyFilesBuildPhase;
			buildActionMask = 2147483647;
			dstPath = "";
			dstSubfolderSpec = 10;
			files = (
				BF4E5DB22D6589A90050465E /* Dependency.framework in Embed Frameworks */,
				BFB754112D659A23007F1F06 /* Core.framework in Embed Frameworks */,
			);
			name = "Embed Frameworks";
			runOnlyForDeploymentPostprocessing = 0;
		};
		BFC092C62D64FA5E005742C0 /* Embed Frameworks */ = {
			isa = PBXCopyFilesBuildPhase;
			buildActionMask = 2147483647;
			dstPath = "";
			dstSubfolderSpec = 10;
			files = (
				BFC092C32D64FA5D005742C0 /* Service.framework in Embed Frameworks */,
				BFC092BF2D64FA5D005742C0 /* Domain.framework in Embed Frameworks */,
			);
			name = "Embed Frameworks";
			runOnlyForDeploymentPostprocessing = 0;
		};
/* End PBXCopyFilesBuildPhase section */

/* Begin PBXFileReference section */
		BF260B372D64A5C300C180C4 /* Service.framework */ = {isa = PBXFileReference; explicitFileType = wrapper.framework; includeInIndex = 0; path = Service.framework; sourceTree = BUILT_PRODUCTS_DIR; };
		BF4181912D64437300332178 /* Bwallet.app */ = {isa = PBXFileReference; explicitFileType = wrapper.application; includeInIndex = 0; path = Bwallet.app; sourceTree = BUILT_PRODUCTS_DIR; };
		BF4181C42D6444F300332178 /* Domain.framework */ = {isa = PBXFileReference; explicitFileType = wrapper.framework; includeInIndex = 0; path = Domain.framework; sourceTree = BUILT_PRODUCTS_DIR; };
		BF4181CB2D6444F300332178 /* DomainTests.xctest */ = {isa = PBXFileReference; explicitFileType = wrapper.cfbundle; includeInIndex = 0; path = DomainTests.xctest; sourceTree = BUILT_PRODUCTS_DIR; };
		BF4E5D5D2D6587870050465E /* PortfolioFeature.framework */ = {isa = PBXFileReference; explicitFileType = wrapper.framework; includeInIndex = 0; path = PortfolioFeature.framework; sourceTree = BUILT_PRODUCTS_DIR; };
		BF4E5D642D6587870050465E /* PortfolioFeatureTests.xctest */ = {isa = PBXFileReference; explicitFileType = wrapper.cfbundle; includeInIndex = 0; path = PortfolioFeatureTests.xctest; sourceTree = BUILT_PRODUCTS_DIR; };
		BF4E5D7E2D6587C10050465E /* Core.framework */ = {isa = PBXFileReference; explicitFileType = wrapper.framework; includeInIndex = 0; path = Core.framework; sourceTree = BUILT_PRODUCTS_DIR; };
		BF4E5D852D6587C10050465E /* CoreTests.xctest */ = {isa = PBXFileReference; explicitFileType = wrapper.cfbundle; includeInIndex = 0; path = CoreTests.xctest; sourceTree = BUILT_PRODUCTS_DIR; };
		BFC092882D64F992005742C0 /* Dependency.framework */ = {isa = PBXFileReference; explicitFileType = wrapper.framework; includeInIndex = 0; path = Dependency.framework; sourceTree = BUILT_PRODUCTS_DIR; };
		BFC0928F2D64F992005742C0 /* DependencyTests.xctest */ = {isa = PBXFileReference; explicitFileType = wrapper.cfbundle; includeInIndex = 0; path = DependencyTests.xctest; sourceTree = BUILT_PRODUCTS_DIR; };
		BFC092C92D650069005742C0 /* Bwallet.xctestplan */ = {isa = PBXFileReference; lastKnownFileType = text; path = Bwallet.xctestplan; sourceTree = "<group>"; };
/* End PBXFileReference section */

/* Begin PBXFileSystemSynchronizedBuildFileExceptionSet section */
		BF260B4C2D64A5C300C180C4 /* Exceptions for "Service" folder in "Service" target */ = {
			isa = PBXFileSystemSynchronizedBuildFileExceptionSet;
			publicHeaders = (
				Service.h,
			);
			target = BF260B362D64A5C300C180C4 /* Service */;
		};
		BF4181D92D6444F300332178 /* Exceptions for "Domain" folder in "Domain" target */ = {
			isa = PBXFileSystemSynchronizedBuildFileExceptionSet;
			publicHeaders = (
				Domain.h,
			);
			target = BF4181C32D6444F300332178 /* Domain */;
		};
		BF4E5D722D6587870050465E /* Exceptions for "PortfolioFeature" folder in "PortfolioFeature" target */ = {
			isa = PBXFileSystemSynchronizedBuildFileExceptionSet;
			publicHeaders = (
				PortfolioFeature.h,
			);
			target = BF4E5D5C2D6587870050465E /* PortfolioFeature */;
		};
		BF4E5D932D6587C10050465E /* Exceptions for "Core" folder in "Core" target */ = {
			isa = PBXFileSystemSynchronizedBuildFileExceptionSet;
			publicHeaders = (
				Core.h,
			);
			target = BF4E5D7D2D6587C10050465E /* Core */;
		};
		BFC0929D2D64F992005742C0 /* Exceptions for "Dependency" folder in "Dependency" target */ = {
			isa = PBXFileSystemSynchronizedBuildFileExceptionSet;
			publicHeaders = (
				Dependency.h,
			);
			target = BFC092872D64F992005742C0 /* Dependency */;
		};
/* End PBXFileSystemSynchronizedBuildFileExceptionSet section */

/* Begin PBXFileSystemSynchronizedRootGroup section */
		BF260B382D64A5C300C180C4 /* Service */ = {
			isa = PBXFileSystemSynchronizedRootGroup;
			exceptions = (
				BF260B4C2D64A5C300C180C4 /* Exceptions for "Service" folder in "Service" target */,
			);
			path = Service;
			sourceTree = "<group>";
		};
		BF4181932D64437300332178 /* Bwallet */ = {
			isa = PBXFileSystemSynchronizedRootGroup;
			path = Bwallet;
			sourceTree = "<group>";
		};
		BF4181C52D6444F300332178 /* Domain */ = {
			isa = PBXFileSystemSynchronizedRootGroup;
			exceptions = (
				BF4181D92D6444F300332178 /* Exceptions for "Domain" folder in "Domain" target */,
			);
			path = Domain;
			sourceTree = "<group>";
		};
		BF4181D12D6444F300332178 /* DomainTests */ = {
			isa = PBXFileSystemSynchronizedRootGroup;
			path = DomainTests;
			sourceTree = "<group>";
		};
		BF4E5D5E2D6587870050465E /* PortfolioFeature */ = {
			isa = PBXFileSystemSynchronizedRootGroup;
			exceptions = (
				BF4E5D722D6587870050465E /* Exceptions for "PortfolioFeature" folder in "PortfolioFeature" target */,
			);
			path = PortfolioFeature;
			sourceTree = "<group>";
		};
		BF4E5D6A2D6587870050465E /* PortfolioFeatureTests */ = {
			isa = PBXFileSystemSynchronizedRootGroup;
			path = PortfolioFeatureTests;
			sourceTree = "<group>";
		};
		BF4E5D7F2D6587C10050465E /* Core */ = {
			isa = PBXFileSystemSynchronizedRootGroup;
			exceptions = (
				BF4E5D932D6587C10050465E /* Exceptions for "Core" folder in "Core" target */,
			);
			path = Core;
			sourceTree = "<group>";
		};
		BF4E5D8B2D6587C10050465E /* CoreTests */ = {
			isa = PBXFileSystemSynchronizedRootGroup;
			path = CoreTests;
			sourceTree = "<group>";
		};
		BFC092892D64F992005742C0 /* Dependency */ = {
			isa = PBXFileSystemSynchronizedRootGroup;
			exceptions = (
				BFC0929D2D64F992005742C0 /* Exceptions for "Dependency" folder in "Dependency" target */,
			);
			path = Dependency;
			sourceTree = "<group>";
		};
		BFC092952D64F992005742C0 /* DependencyTests */ = {
			isa = PBXFileSystemSynchronizedRootGroup;
			path = DependencyTests;
			sourceTree = "<group>";
		};
/* End PBXFileSystemSynchronizedRootGroup section */

/* Begin PBXFrameworksBuildPhase section */
		BF260B342D64A5C300C180C4 /* Frameworks */ = {
			isa = PBXFrameworksBuildPhase;
			buildActionMask = 2147483647;
			files = (
				BF260B542D64A5CE00C180C4 /* Domain.framework in Frameworks */,
			);
			runOnlyForDeploymentPostprocessing = 0;
		};
		BF41818E2D64437300332178 /* Frameworks */ = {
			isa = PBXFrameworksBuildPhase;
			buildActionMask = 2147483647;
			files = (
				BF260B4A2D64A5C300C180C4 /* Service.framework in Frameworks */,
				BFC0929B2D64F992005742C0 /* Dependency.framework in Frameworks */,
				BF4E5D702D6587870050465E /* PortfolioFeature.framework in Frameworks */,
			);
			runOnlyForDeploymentPostprocessing = 0;
		};
		BF4181C12D6444F300332178 /* Frameworks */ = {
			isa = PBXFrameworksBuildPhase;
			buildActionMask = 2147483647;
			files = (
			);
			runOnlyForDeploymentPostprocessing = 0;
		};
		BF4181C82D6444F300332178 /* Frameworks */ = {
			isa = PBXFrameworksBuildPhase;
			buildActionMask = 2147483647;
			files = (
				BF4181CC2D6444F300332178 /* Domain.framework in Frameworks */,
			);
			runOnlyForDeploymentPostprocessing = 0;
		};
		BF4E5D5A2D6587870050465E /* Frameworks */ = {
			isa = PBXFrameworksBuildPhase;
			buildActionMask = 2147483647;
			files = (
				BF4E5DAD2D6588A10050465E /* Domain.framework in Frameworks */,
				BF4E5DA92D65889B0050465E /* Service.framework in Frameworks */,
				BF4E5DA42D6588680050465E /* Core.framework in Frameworks */,
			);
			runOnlyForDeploymentPostprocessing = 0;
		};
		BF4E5D612D6587870050465E /* Frameworks */ = {
			isa = PBXFrameworksBuildPhase;
			buildActionMask = 2147483647;
			files = (
				BF4E5D652D6587870050465E /* PortfolioFeature.framework in Frameworks */,
				BFB754102D659A23007F1F06 /* Core.framework in Frameworks */,
				BF4E5DB12D6589A90050465E /* Dependency.framework in Frameworks */,
			);
			runOnlyForDeploymentPostprocessing = 0;
		};
		BF4E5D7B2D6587C10050465E /* Frameworks */ = {
			isa = PBXFrameworksBuildPhase;
			buildActionMask = 2147483647;
			files = (
			);
			runOnlyForDeploymentPostprocessing = 0;
		};
		BF4E5D822D6587C10050465E /* Frameworks */ = {
			isa = PBXFrameworksBuildPhase;
			buildActionMask = 2147483647;
			files = (
				BF4E5D862D6587C10050465E /* Core.framework in Frameworks */,
			);
			runOnlyForDeploymentPostprocessing = 0;
		};
		BFC092852D64F992005742C0 /* Frameworks */ = {
			isa = PBXFrameworksBuildPhase;
			buildActionMask = 2147483647;
			files = (
				BFC092C22D64FA5D005742C0 /* Service.framework in Frameworks */,
				BFC092BE2D64FA5D005742C0 /* Domain.framework in Frameworks */,
			);
			runOnlyForDeploymentPostprocessing = 0;
		};
		BFC0928C2D64F992005742C0 /* Frameworks */ = {
			isa = PBXFrameworksBuildPhase;
			buildActionMask = 2147483647;
			files = (
				BFC092902D64F992005742C0 /* Dependency.framework in Frameworks */,
			);
			runOnlyForDeploymentPostprocessing = 0;
		};
/* End PBXFrameworksBuildPhase section */

/* Begin PBXGroup section */
		BF4181882D64437300332178 = {
			isa = PBXGroup;
			children = (
				BFC092C92D650069005742C0 /* Bwallet.xctestplan */,
				BF4181932D64437300332178 /* Bwallet */,
				BF4181C52D6444F300332178 /* Domain */,
				BF4181D12D6444F300332178 /* DomainTests */,
				BF260B382D64A5C300C180C4 /* Service */,
				BFC092892D64F992005742C0 /* Dependency */,
				BFC092952D64F992005742C0 /* DependencyTests */,
				BF4E5D5E2D6587870050465E /* PortfolioFeature */,
				BF4E5D6A2D6587870050465E /* PortfolioFeatureTests */,
				BF4E5D7F2D6587C10050465E /* Core */,
				BF4E5D8B2D6587C10050465E /* CoreTests */,
				BF4182112D644FA600332178 /* Frameworks */,
				BF4181922D64437300332178 /* Products */,
			);
			sourceTree = "<group>";
		};
		BF4181922D64437300332178 /* Products */ = {
			isa = PBXGroup;
			children = (
				BF4181912D64437300332178 /* Bwallet.app */,
				BF4181C42D6444F300332178 /* Domain.framework */,
				BF4181CB2D6444F300332178 /* DomainTests.xctest */,
				BF260B372D64A5C300C180C4 /* Service.framework */,
				BFC092882D64F992005742C0 /* Dependency.framework */,
				BFC0928F2D64F992005742C0 /* DependencyTests.xctest */,
				BF4E5D5D2D6587870050465E /* PortfolioFeature.framework */,
				BF4E5D642D6587870050465E /* PortfolioFeatureTests.xctest */,
				BF4E5D7E2D6587C10050465E /* Core.framework */,
				BF4E5D852D6587C10050465E /* CoreTests.xctest */,
			);
			name = Products;
			sourceTree = "<group>";
		};
		BF4182112D644FA600332178 /* Frameworks */ = {
			isa = PBXGroup;
			children = (
			);
			name = Frameworks;
			sourceTree = "<group>";
		};
/* End PBXGroup section */

/* Begin PBXHeadersBuildPhase section */
		BF260B322D64A5C300C180C4 /* Headers */ = {
			isa = PBXHeadersBuildPhase;
			buildActionMask = 2147483647;
			files = (
			);
			runOnlyForDeploymentPostprocessing = 0;
		};
		BF4181BF2D6444F300332178 /* Headers */ = {
			isa = PBXHeadersBuildPhase;
			buildActionMask = 2147483647;
			files = (
			);
			runOnlyForDeploymentPostprocessing = 0;
		};
		BF4E5D582D6587870050465E /* Headers */ = {
			isa = PBXHeadersBuildPhase;
			buildActionMask = 2147483647;
			files = (
			);
			runOnlyForDeploymentPostprocessing = 0;
		};
		BF4E5D792D6587C10050465E /* Headers */ = {
			isa = PBXHeadersBuildPhase;
			buildActionMask = 2147483647;
			files = (
			);
			runOnlyForDeploymentPostprocessing = 0;
		};
		BFC092832D64F992005742C0 /* Headers */ = {
			isa = PBXHeadersBuildPhase;
			buildActionMask = 2147483647;
			files = (
			);
			runOnlyForDeploymentPostprocessing = 0;
		};
/* End PBXHeadersBuildPhase section */

/* Begin PBXNativeTarget section */
		BF260B362D64A5C300C180C4 /* Service */ = {
			isa = PBXNativeTarget;
			buildConfigurationList = BF260B4D2D64A5C300C180C4 /* Build configuration list for PBXNativeTarget "Service" */;
			buildPhases = (
				BF260B322D64A5C300C180C4 /* Headers */,
				BF260B332D64A5C300C180C4 /* Sources */,
				BF260B342D64A5C300C180C4 /* Frameworks */,
				BF260B352D64A5C300C180C4 /* Resources */,
				BF260B582D64A5CE00C180C4 /* Embed Frameworks */,
			);
			buildRules = (
			);
			dependencies = (
				BF260B572D64A5CE00C180C4 /* PBXTargetDependency */,
			);
			fileSystemSynchronizedGroups = (
				BF260B382D64A5C300C180C4 /* Service */,
			);
			name = Service;
			packageProductDependencies = (
			);
			productName = Service;
			productReference = BF260B372D64A5C300C180C4 /* Service.framework */;
			productType = "com.apple.product-type.framework";
		};
		BF4181902D64437300332178 /* Bwallet */ = {
			isa = PBXNativeTarget;
			buildConfigurationList = BF4181B62D64437400332178 /* Build configuration list for PBXNativeTarget "Bwallet" */;
			buildPhases = (
				BF41818D2D64437300332178 /* Sources */,
				BF41818E2D64437300332178 /* Frameworks */,
				BF41818F2D64437300332178 /* Resources */,
				BF260B502D64A5C300C180C4 /* Embed Frameworks */,
			);
			buildRules = (
			);
			dependencies = (
				BF260B492D64A5C300C180C4 /* PBXTargetDependency */,
				BFC0929A2D64F992005742C0 /* PBXTargetDependency */,
				BF4E5D6F2D6587870050465E /* PBXTargetDependency */,
			);
			fileSystemSynchronizedGroups = (
				BF4181932D64437300332178 /* Bwallet */,
			);
			name = Bwallet;
			packageProductDependencies = (
			);
			productName = Bwallet;
			productReference = BF4181912D64437300332178 /* Bwallet.app */;
			productType = "com.apple.product-type.application";
		};
		BF4181C32D6444F300332178 /* Domain */ = {
			isa = PBXNativeTarget;
			buildConfigurationList = BF4181DA2D6444F300332178 /* Build configuration list for PBXNativeTarget "Domain" */;
			buildPhases = (
				BF4181BF2D6444F300332178 /* Headers */,
				BF4181C02D6444F300332178 /* Sources */,
				BF4181C12D6444F300332178 /* Frameworks */,
				BF4181C22D6444F300332178 /* Resources */,
			);
			buildRules = (
			);
			dependencies = (
			);
			fileSystemSynchronizedGroups = (
				BF4181C52D6444F300332178 /* Domain */,
			);
			name = Domain;
			packageProductDependencies = (
			);
			productName = Domain;
			productReference = BF4181C42D6444F300332178 /* Domain.framework */;
			productType = "com.apple.product-type.framework";
		};
		BF4181CA2D6444F300332178 /* DomainTests */ = {
			isa = PBXNativeTarget;
			buildConfigurationList = BF4181DE2D6444F300332178 /* Build configuration list for PBXNativeTarget "DomainTests" */;
			buildPhases = (
				BF4181C72D6444F300332178 /* Sources */,
				BF4181C82D6444F300332178 /* Frameworks */,
				BF4181C92D6444F300332178 /* Resources */,
			);
			buildRules = (
			);
			dependencies = (
				BF4181CE2D6444F300332178 /* PBXTargetDependency */,
				BF4181D02D6444F300332178 /* PBXTargetDependency */,
			);
			fileSystemSynchronizedGroups = (
				BF4181D12D6444F300332178 /* DomainTests */,
			);
			name = DomainTests;
			packageProductDependencies = (
			);
			productName = DomainTests;
			productReference = BF4181CB2D6444F300332178 /* DomainTests.xctest */;
			productType = "com.apple.product-type.bundle.unit-test";
		};
		BF4E5D5C2D6587870050465E /* PortfolioFeature */ = {
			isa = PBXNativeTarget;
			buildConfigurationList = BF4E5D732D6587870050465E /* Build configuration list for PBXNativeTarget "PortfolioFeature" */;
			buildPhases = (
				BF4E5D582D6587870050465E /* Headers */,
				BF4E5D592D6587870050465E /* Sources */,
				BF4E5D5A2D6587870050465E /* Frameworks */,
				BF4E5D5B2D6587870050465E /* Resources */,
				BF4E5DA82D6588680050465E /* Embed Frameworks */,
			);
			buildRules = (
			);
			dependencies = (
				BF4E5DA72D6588680050465E /* PBXTargetDependency */,
				BF4E5DAC2D65889B0050465E /* PBXTargetDependency */,
				BF4E5DB02D6588A10050465E /* PBXTargetDependency */,
			);
			fileSystemSynchronizedGroups = (
				BF4E5D5E2D6587870050465E /* PortfolioFeature */,
			);
			name = PortfolioFeature;
			packageProductDependencies = (
			);
			productName = PortfolioFeature;
			productReference = BF4E5D5D2D6587870050465E /* PortfolioFeature.framework */;
			productType = "com.apple.product-type.framework";
		};
		BF4E5D632D6587870050465E /* PortfolioFeatureTests */ = {
			isa = PBXNativeTarget;
			buildConfigurationList = BF4E5D762D6587870050465E /* Build configuration list for PBXNativeTarget "PortfolioFeatureTests" */;
			buildPhases = (
				BF4E5D602D6587870050465E /* Sources */,
				BF4E5D612D6587870050465E /* Frameworks */,
				BF4E5D622D6587870050465E /* Resources */,
				BF4E5DB52D6589A90050465E /* Embed Frameworks */,
			);
			buildRules = (
			);
			dependencies = (
				BF4E5D672D6587870050465E /* PBXTargetDependency */,
				BF4E5D692D6587870050465E /* PBXTargetDependency */,
				BF4E5DB42D6589A90050465E /* PBXTargetDependency */,
				BFB754132D659A23007F1F06 /* PBXTargetDependency */,
			);
			fileSystemSynchronizedGroups = (
				BF4E5D6A2D6587870050465E /* PortfolioFeatureTests */,
			);
			name = PortfolioFeatureTests;
			packageProductDependencies = (
			);
			productName = PortfolioFeatureTests;
			productReference = BF4E5D642D6587870050465E /* PortfolioFeatureTests.xctest */;
			productType = "com.apple.product-type.bundle.unit-test";
		};
		BF4E5D7D2D6587C10050465E /* Core */ = {
			isa = PBXNativeTarget;
			buildConfigurationList = BF4E5D942D6587C10050465E /* Build configuration list for PBXNativeTarget "Core" */;
			buildPhases = (
				BF4E5D792D6587C10050465E /* Headers */,
				BF4E5D7A2D6587C10050465E /* Sources */,
				BF4E5D7B2D6587C10050465E /* Frameworks */,
				BF4E5D7C2D6587C10050465E /* Resources */,
			);
			buildRules = (
			);
			dependencies = (
			);
			fileSystemSynchronizedGroups = (
				BF4E5D7F2D6587C10050465E /* Core */,
			);
			name = Core;
			packageProductDependencies = (
			);
			productName = Core;
			productReference = BF4E5D7E2D6587C10050465E /* Core.framework */;
			productType = "com.apple.product-type.framework";
		};
		BF4E5D842D6587C10050465E /* CoreTests */ = {
			isa = PBXNativeTarget;
			buildConfigurationList = BF4E5D972D6587C10050465E /* Build configuration list for PBXNativeTarget "CoreTests" */;
			buildPhases = (
				BF4E5D812D6587C10050465E /* Sources */,
				BF4E5D822D6587C10050465E /* Frameworks */,
				BF4E5D832D6587C10050465E /* Resources */,
			);
			buildRules = (
			);
			dependencies = (
				BF4E5D882D6587C10050465E /* PBXTargetDependency */,
				BF4E5D8A2D6587C10050465E /* PBXTargetDependency */,
			);
			fileSystemSynchronizedGroups = (
				BF4E5D8B2D6587C10050465E /* CoreTests */,
			);
			name = CoreTests;
			packageProductDependencies = (
			);
			productName = CoreTests;
			productReference = BF4E5D852D6587C10050465E /* CoreTests.xctest */;
			productType = "com.apple.product-type.bundle.unit-test";
		};
		BFC092872D64F992005742C0 /* Dependency */ = {
			isa = PBXNativeTarget;
			buildConfigurationList = BFC0929E2D64F992005742C0 /* Build configuration list for PBXNativeTarget "Dependency" */;
			buildPhases = (
				BFC092832D64F992005742C0 /* Headers */,
				BFC092842D64F992005742C0 /* Sources */,
				BFC092852D64F992005742C0 /* Frameworks */,
				BFC092862D64F992005742C0 /* Resources */,
				BFC092C62D64FA5E005742C0 /* Embed Frameworks */,
			);
			buildRules = (
			);
			dependencies = (
				BFC092C12D64FA5D005742C0 /* PBXTargetDependency */,
				BFC092C52D64FA5D005742C0 /* PBXTargetDependency */,
			);
			fileSystemSynchronizedGroups = (
				BFC092892D64F992005742C0 /* Dependency */,
			);
			name = Dependency;
			packageProductDependencies = (
			);
			productName = Dependency;
			productReference = BFC092882D64F992005742C0 /* Dependency.framework */;
			productType = "com.apple.product-type.framework";
		};
		BFC0928E2D64F992005742C0 /* DependencyTests */ = {
			isa = PBXNativeTarget;
			buildConfigurationList = BFC092A12D64F992005742C0 /* Build configuration list for PBXNativeTarget "DependencyTests" */;
			buildPhases = (
				BFC0928B2D64F992005742C0 /* Sources */,
				BFC0928C2D64F992005742C0 /* Frameworks */,
				BFC0928D2D64F992005742C0 /* Resources */,
			);
			buildRules = (
			);
			dependencies = (
				BFC092922D64F992005742C0 /* PBXTargetDependency */,
				BFC092942D64F992005742C0 /* PBXTargetDependency */,
			);
			fileSystemSynchronizedGroups = (
				BFC092952D64F992005742C0 /* DependencyTests */,
			);
			name = DependencyTests;
			packageProductDependencies = (
			);
			productName = DependencyTests;
			productReference = BFC0928F2D64F992005742C0 /* DependencyTests.xctest */;
			productType = "com.apple.product-type.bundle.unit-test";
		};
/* End PBXNativeTarget section */

/* Begin PBXProject section */
		BF4181892D64437300332178 /* Project object */ = {
			isa = PBXProject;
			attributes = {
				BuildIndependentTargetsInParallel = 1;
				LastSwiftUpdateCheck = 1620;
				LastUpgradeCheck = 1620;
				TargetAttributes = {
					BF260B362D64A5C300C180C4 = {
						CreatedOnToolsVersion = 16.2;
						LastSwiftMigration = 1620;
					};
					BF4181902D64437300332178 = {
						CreatedOnToolsVersion = 16.2;
					};
					BF4181C32D6444F300332178 = {
						CreatedOnToolsVersion = 16.2;
						LastSwiftMigration = 1620;
					};
					BF4181CA2D6444F300332178 = {
						CreatedOnToolsVersion = 16.2;
						LastSwiftMigration = 1620;
						TestTargetID = BF4181902D64437300332178;
					};
					BF4E5D5C2D6587870050465E = {
						CreatedOnToolsVersion = 16.2;
					};
					BF4E5D632D6587870050465E = {
						CreatedOnToolsVersion = 16.2;
						TestTargetID = BF4181902D64437300332178;
					};
					BF4E5D7D2D6587C10050465E = {
						CreatedOnToolsVersion = 16.2;
					};
					BF4E5D842D6587C10050465E = {
						CreatedOnToolsVersion = 16.2;
						TestTargetID = BF4181902D64437300332178;
					};
					BFC092872D64F992005742C0 = {
						CreatedOnToolsVersion = 16.2;
					};
					BFC0928E2D64F992005742C0 = {
						CreatedOnToolsVersion = 16.2;
						TestTargetID = BF4181902D64437300332178;
					};
				};
			};
			buildConfigurationList = BF41818C2D64437300332178 /* Build configuration list for PBXProject "Bwallet" */;
			developmentRegion = en;
			hasScannedForEncodings = 0;
			knownRegions = (
				en,
				Base,
			);
			mainGroup = BF4181882D64437300332178;
			minimizedProjectReferenceProxies = 1;
			packageReferences = (
			);
			preferredProjectObjectVersion = 77;
			productRefGroup = BF4181922D64437300332178 /* Products */;
			projectDirPath = "";
			projectRoot = "";
			targets = (
				BF4181902D64437300332178 /* Bwallet */,
				BF4181C32D6444F300332178 /* Domain */,
				BF4181CA2D6444F300332178 /* DomainTests */,
				BF260B362D64A5C300C180C4 /* Service */,
				BFC092872D64F992005742C0 /* Dependency */,
				BFC0928E2D64F992005742C0 /* DependencyTests */,
				BF4E5D5C2D6587870050465E /* PortfolioFeature */,
				BF4E5D632D6587870050465E /* PortfolioFeatureTests */,
				BF4E5D7D2D6587C10050465E /* Core */,
				BF4E5D842D6587C10050465E /* CoreTests */,
			);
		};
/* End PBXProject section */

/* Begin PBXResourcesBuildPhase section */
		BF260B352D64A5C300C180C4 /* Resources */ = {
			isa = PBXResourcesBuildPhase;
			buildActionMask = 2147483647;
			files = (
			);
			runOnlyForDeploymentPostprocessing = 0;
		};
		BF41818F2D64437300332178 /* Resources */ = {
			isa = PBXResourcesBuildPhase;
			buildActionMask = 2147483647;
			files = (
			);
			runOnlyForDeploymentPostprocessing = 0;
		};
		BF4181C22D6444F300332178 /* Resources */ = {
			isa = PBXResourcesBuildPhase;
			buildActionMask = 2147483647;
			files = (
			);
			runOnlyForDeploymentPostprocessing = 0;
		};
		BF4181C92D6444F300332178 /* Resources */ = {
			isa = PBXResourcesBuildPhase;
			buildActionMask = 2147483647;
			files = (
			);
			runOnlyForDeploymentPostprocessing = 0;
		};
		BF4E5D5B2D6587870050465E /* Resources */ = {
			isa = PBXResourcesBuildPhase;
			buildActionMask = 2147483647;
			files = (
			);
			runOnlyForDeploymentPostprocessing = 0;
		};
		BF4E5D622D6587870050465E /* Resources */ = {
			isa = PBXResourcesBuildPhase;
			buildActionMask = 2147483647;
			files = (
			);
			runOnlyForDeploymentPostprocessing = 0;
		};
		BF4E5D7C2D6587C10050465E /* Resources */ = {
			isa = PBXResourcesBuildPhase;
			buildActionMask = 2147483647;
			files = (
			);
			runOnlyForDeploymentPostprocessing = 0;
		};
		BF4E5D832D6587C10050465E /* Resources */ = {
			isa = PBXResourcesBuildPhase;
			buildActionMask = 2147483647;
			files = (
			);
			runOnlyForDeploymentPostprocessing = 0;
		};
		BFC092862D64F992005742C0 /* Resources */ = {
			isa = PBXResourcesBuildPhase;
			buildActionMask = 2147483647;
			files = (
			);
			runOnlyForDeploymentPostprocessing = 0;
		};
		BFC0928D2D64F992005742C0 /* Resources */ = {
			isa = PBXResourcesBuildPhase;
			buildActionMask = 2147483647;
			files = (
			);
			runOnlyForDeploymentPostprocessing = 0;
		};
/* End PBXResourcesBuildPhase section */

/* Begin PBXSourcesBuildPhase section */
		BF260B332D64A5C300C180C4 /* Sources */ = {
			isa = PBXSourcesBuildPhase;
			buildActionMask = 2147483647;
			files = (
			);
			runOnlyForDeploymentPostprocessing = 0;
		};
		BF41818D2D64437300332178 /* Sources */ = {
			isa = PBXSourcesBuildPhase;
			buildActionMask = 2147483647;
			files = (
			);
			runOnlyForDeploymentPostprocessing = 0;
		};
		BF4181C02D6444F300332178 /* Sources */ = {
			isa = PBXSourcesBuildPhase;
			buildActionMask = 2147483647;
			files = (
			);
			runOnlyForDeploymentPostprocessing = 0;
		};
		BF4181C72D6444F300332178 /* Sources */ = {
			isa = PBXSourcesBuildPhase;
			buildActionMask = 2147483647;
			files = (
			);
			runOnlyForDeploymentPostprocessing = 0;
		};
		BF4E5D592D6587870050465E /* Sources */ = {
			isa = PBXSourcesBuildPhase;
			buildActionMask = 2147483647;
			files = (
			);
			runOnlyForDeploymentPostprocessing = 0;
		};
		BF4E5D602D6587870050465E /* Sources */ = {
			isa = PBXSourcesBuildPhase;
			buildActionMask = 2147483647;
			files = (
			);
			runOnlyForDeploymentPostprocessing = 0;
		};
		BF4E5D7A2D6587C10050465E /* Sources */ = {
			isa = PBXSourcesBuildPhase;
			buildActionMask = 2147483647;
			files = (
			);
			runOnlyForDeploymentPostprocessing = 0;
		};
		BF4E5D812D6587C10050465E /* Sources */ = {
			isa = PBXSourcesBuildPhase;
			buildActionMask = 2147483647;
			files = (
			);
			runOnlyForDeploymentPostprocessing = 0;
		};
		BFC092842D64F992005742C0 /* Sources */ = {
			isa = PBXSourcesBuildPhase;
			buildActionMask = 2147483647;
			files = (
			);
			runOnlyForDeploymentPostprocessing = 0;
		};
		BFC0928B2D64F992005742C0 /* Sources */ = {
			isa = PBXSourcesBuildPhase;
			buildActionMask = 2147483647;
			files = (
			);
			runOnlyForDeploymentPostprocessing = 0;
		};
/* End PBXSourcesBuildPhase section */

/* Begin PBXTargetDependency section */
		BF260B492D64A5C300C180C4 /* PBXTargetDependency */ = {
			isa = PBXTargetDependency;
			target = BF260B362D64A5C300C180C4 /* Service */;
			targetProxy = BF260B482D64A5C300C180C4 /* PBXContainerItemProxy */;
		};
		BF260B572D64A5CE00C180C4 /* PBXTargetDependency */ = {
			isa = PBXTargetDependency;
			target = BF4181C32D6444F300332178 /* Domain */;
			targetProxy = BF260B562D64A5CE00C180C4 /* PBXContainerItemProxy */;
		};
		BF4181CE2D6444F300332178 /* PBXTargetDependency */ = {
			isa = PBXTargetDependency;
			target = BF4181C32D6444F300332178 /* Domain */;
			targetProxy = BF4181CD2D6444F300332178 /* PBXContainerItemProxy */;
		};
		BF4181D02D6444F300332178 /* PBXTargetDependency */ = {
			isa = PBXTargetDependency;
			target = BF4181902D64437300332178 /* Bwallet */;
			targetProxy = BF4181CF2D6444F300332178 /* PBXContainerItemProxy */;
		};
		BF4E5D672D6587870050465E /* PBXTargetDependency */ = {
			isa = PBXTargetDependency;
			target = BF4E5D5C2D6587870050465E /* PortfolioFeature */;
			targetProxy = BF4E5D662D6587870050465E /* PBXContainerItemProxy */;
		};
		BF4E5D692D6587870050465E /* PBXTargetDependency */ = {
			isa = PBXTargetDependency;
			target = BF4181902D64437300332178 /* Bwallet */;
			targetProxy = BF4E5D682D6587870050465E /* PBXContainerItemProxy */;
		};
		BF4E5D6F2D6587870050465E /* PBXTargetDependency */ = {
			isa = PBXTargetDependency;
			target = BF4E5D5C2D6587870050465E /* PortfolioFeature */;
			targetProxy = BF4E5D6E2D6587870050465E /* PBXContainerItemProxy */;
		};
		BF4E5D882D6587C10050465E /* PBXTargetDependency */ = {
			isa = PBXTargetDependency;
			target = BF4E5D7D2D6587C10050465E /* Core */;
			targetProxy = BF4E5D872D6587C10050465E /* PBXContainerItemProxy */;
		};
		BF4E5D8A2D6587C10050465E /* PBXTargetDependency */ = {
			isa = PBXTargetDependency;
			target = BF4181902D64437300332178 /* Bwallet */;
			targetProxy = BF4E5D892D6587C10050465E /* PBXContainerItemProxy */;
		};
		BF4E5DA72D6588680050465E /* PBXTargetDependency */ = {
			isa = PBXTargetDependency;
			target = BF4E5D7D2D6587C10050465E /* Core */;
			targetProxy = BF4E5DA62D6588680050465E /* PBXContainerItemProxy */;
		};
		BF4E5DAC2D65889B0050465E /* PBXTargetDependency */ = {
			isa = PBXTargetDependency;
			target = BF260B362D64A5C300C180C4 /* Service */;
			targetProxy = BF4E5DAB2D65889B0050465E /* PBXContainerItemProxy */;
		};
		BF4E5DB02D6588A10050465E /* PBXTargetDependency */ = {
			isa = PBXTargetDependency;
			target = BF4181C32D6444F300332178 /* Domain */;
			targetProxy = BF4E5DAF2D6588A10050465E /* PBXContainerItemProxy */;
		};
		BF4E5DB42D6589A90050465E /* PBXTargetDependency */ = {
			isa = PBXTargetDependency;
			target = BFC092872D64F992005742C0 /* Dependency */;
			targetProxy = BF4E5DB32D6589A90050465E /* PBXContainerItemProxy */;
		};
		BFB754132D659A23007F1F06 /* PBXTargetDependency */ = {
			isa = PBXTargetDependency;
			target = BF4E5D7D2D6587C10050465E /* Core */;
			targetProxy = BFB754122D659A23007F1F06 /* PBXContainerItemProxy */;
		};
		BFC092922D64F992005742C0 /* PBXTargetDependency */ = {
			isa = PBXTargetDependency;
			target = BFC092872D64F992005742C0 /* Dependency */;
			targetProxy = BFC092912D64F992005742C0 /* PBXContainerItemProxy */;
		};
		BFC092942D64F992005742C0 /* PBXTargetDependency */ = {
			isa = PBXTargetDependency;
			target = BF4181902D64437300332178 /* Bwallet */;
			targetProxy = BFC092932D64F992005742C0 /* PBXContainerItemProxy */;
		};
		BFC0929A2D64F992005742C0 /* PBXTargetDependency */ = {
			isa = PBXTargetDependency;
			target = BFC092872D64F992005742C0 /* Dependency */;
			targetProxy = BFC092992D64F992005742C0 /* PBXContainerItemProxy */;
		};
		BFC092C12D64FA5D005742C0 /* PBXTargetDependency */ = {
			isa = PBXTargetDependency;
			target = BF4181C32D6444F300332178 /* Domain */;
			targetProxy = BFC092C02D64FA5D005742C0 /* PBXContainerItemProxy */;
		};
		BFC092C52D64FA5D005742C0 /* PBXTargetDependency */ = {
			isa = PBXTargetDependency;
			target = BF260B362D64A5C300C180C4 /* Service */;
			targetProxy = BFC092C42D64FA5D005742C0 /* PBXContainerItemProxy */;
		};
/* End PBXTargetDependency section */

/* Begin XCBuildConfiguration section */
		BF260B4E2D64A5C300C180C4 /* Debug */ = {
			isa = XCBuildConfiguration;
			buildSettings = {
				ALLOW_TARGET_PLATFORM_SPECIALIZATION = YES;
				BUILD_LIBRARY_FOR_DISTRIBUTION = YES;
				CLANG_ENABLE_MODULES = YES;
				CODE_SIGN_STYLE = Automatic;
				CURRENT_PROJECT_VERSION = 1;
				DEFINES_MODULE = YES;
				DEVELOPMENT_TEAM = 25WL36ABTN;
				DYLIB_COMPATIBILITY_VERSION = 1;
				DYLIB_CURRENT_VERSION = 1;
				DYLIB_INSTALL_NAME_BASE = "@rpath";
				ENABLE_MODULE_VERIFIER = YES;
				GENERATE_INFOPLIST_FILE = YES;
				INFOPLIST_KEY_NSHumanReadableCopyright = "";
				INSTALL_PATH = "$(LOCAL_LIBRARY_DIR)/Frameworks";
				IPHONEOS_DEPLOYMENT_TARGET = 18.2;
				LD_RUNPATH_SEARCH_PATHS = (
					"@executable_path/Frameworks",
					"@loader_path/Frameworks",
				);
				"LD_RUNPATH_SEARCH_PATHS[sdk=macosx*]" = (
					"@executable_path/../Frameworks",
					"@loader_path/Frameworks",
				);
				MACOSX_DEPLOYMENT_TARGET = 15.2;
				MARKETING_VERSION = 1.0;
				MODULE_VERIFIER_SUPPORTED_LANGUAGES = "objective-c objective-c++";
				MODULE_VERIFIER_SUPPORTED_LANGUAGE_STANDARDS = "gnu17 gnu++20";
				PRODUCT_BUNDLE_IDENTIFIER = com.missingems.blockain.Service;
				PRODUCT_NAME = "$(TARGET_NAME:c99extidentifier)";
				SDKROOT = auto;
				SKIP_INSTALL = YES;
				SUPPORTED_PLATFORMS = "iphoneos iphonesimulator macosx xros xrsimulator";
				SWIFT_EMIT_LOC_STRINGS = YES;
				SWIFT_INSTALL_OBJC_HEADER = NO;
				SWIFT_OPTIMIZATION_LEVEL = "-Onone";
				SWIFT_VERSION = 5.0;
				TARGETED_DEVICE_FAMILY = "1,2,7";
				VERSIONING_SYSTEM = "apple-generic";
				VERSION_INFO_PREFIX = "";
				XROS_DEPLOYMENT_TARGET = 2.2;
			};
			name = Debug;
		};
		BF260B4F2D64A5C300C180C4 /* Release */ = {
			isa = XCBuildConfiguration;
			buildSettings = {
				ALLOW_TARGET_PLATFORM_SPECIALIZATION = YES;
				BUILD_LIBRARY_FOR_DISTRIBUTION = YES;
				CLANG_ENABLE_MODULES = YES;
				CODE_SIGN_STYLE = Automatic;
				CURRENT_PROJECT_VERSION = 1;
				DEFINES_MODULE = YES;
				DEVELOPMENT_TEAM = 25WL36ABTN;
				DYLIB_COMPATIBILITY_VERSION = 1;
				DYLIB_CURRENT_VERSION = 1;
				DYLIB_INSTALL_NAME_BASE = "@rpath";
				ENABLE_MODULE_VERIFIER = YES;
				GENERATE_INFOPLIST_FILE = YES;
				INFOPLIST_KEY_NSHumanReadableCopyright = "";
				INSTALL_PATH = "$(LOCAL_LIBRARY_DIR)/Frameworks";
				IPHONEOS_DEPLOYMENT_TARGET = 18.2;
				LD_RUNPATH_SEARCH_PATHS = (
					"@executable_path/Frameworks",
					"@loader_path/Frameworks",
				);
				"LD_RUNPATH_SEARCH_PATHS[sdk=macosx*]" = (
					"@executable_path/../Frameworks",
					"@loader_path/Frameworks",
				);
				MACOSX_DEPLOYMENT_TARGET = 15.2;
				MARKETING_VERSION = 1.0;
				MODULE_VERIFIER_SUPPORTED_LANGUAGES = "objective-c objective-c++";
				MODULE_VERIFIER_SUPPORTED_LANGUAGE_STANDARDS = "gnu17 gnu++20";
				PRODUCT_BUNDLE_IDENTIFIER = com.missingems.blockain.Service;
				PRODUCT_NAME = "$(TARGET_NAME:c99extidentifier)";
				SDKROOT = auto;
				SKIP_INSTALL = YES;
				SUPPORTED_PLATFORMS = "iphoneos iphonesimulator macosx xros xrsimulator";
				SWIFT_EMIT_LOC_STRINGS = YES;
				SWIFT_INSTALL_OBJC_HEADER = NO;
				SWIFT_VERSION = 5.0;
				TARGETED_DEVICE_FAMILY = "1,2,7";
				VERSIONING_SYSTEM = "apple-generic";
				VERSION_INFO_PREFIX = "";
				XROS_DEPLOYMENT_TARGET = 2.2;
			};
			name = Release;
		};
		BF4181B42D64437400332178 /* Debug */ = {
			isa = XCBuildConfiguration;
			buildSettings = {
				ALWAYS_SEARCH_USER_PATHS = NO;
				ASSETCATALOG_COMPILER_GENERATE_SWIFT_ASSET_SYMBOL_EXTENSIONS = YES;
				CLANG_ANALYZER_NONNULL = YES;
				CLANG_ANALYZER_NUMBER_OBJECT_CONVERSION = YES_AGGRESSIVE;
				CLANG_CXX_LANGUAGE_STANDARD = "gnu++20";
				CLANG_ENABLE_MODULES = YES;
				CLANG_ENABLE_OBJC_ARC = YES;
				CLANG_ENABLE_OBJC_WEAK = YES;
				CLANG_WARN_BLOCK_CAPTURE_AUTORELEASING = YES;
				CLANG_WARN_BOOL_CONVERSION = YES;
				CLANG_WARN_COMMA = YES;
				CLANG_WARN_CONSTANT_CONVERSION = YES;
				CLANG_WARN_DEPRECATED_OBJC_IMPLEMENTATIONS = YES;
				CLANG_WARN_DIRECT_OBJC_ISA_USAGE = YES_ERROR;
				CLANG_WARN_DOCUMENTATION_COMMENTS = YES;
				CLANG_WARN_EMPTY_BODY = YES;
				CLANG_WARN_ENUM_CONVERSION = YES;
				CLANG_WARN_INFINITE_RECURSION = YES;
				CLANG_WARN_INT_CONVERSION = YES;
				CLANG_WARN_NON_LITERAL_NULL_CONVERSION = YES;
				CLANG_WARN_OBJC_IMPLICIT_RETAIN_SELF = YES;
				CLANG_WARN_OBJC_LITERAL_CONVERSION = YES;
				CLANG_WARN_OBJC_ROOT_CLASS = YES_ERROR;
				CLANG_WARN_QUOTED_INCLUDE_IN_FRAMEWORK_HEADER = YES;
				CLANG_WARN_RANGE_LOOP_ANALYSIS = YES;
				CLANG_WARN_STRICT_PROTOTYPES = YES;
				CLANG_WARN_SUSPICIOUS_MOVE = YES;
				CLANG_WARN_UNGUARDED_AVAILABILITY = YES_AGGRESSIVE;
				CLANG_WARN_UNREACHABLE_CODE = YES;
				CLANG_WARN__DUPLICATE_METHOD_MATCH = YES;
				COPY_PHASE_STRIP = NO;
				DEBUG_INFORMATION_FORMAT = dwarf;
				ENABLE_STRICT_OBJC_MSGSEND = YES;
				ENABLE_TESTABILITY = YES;
				ENABLE_USER_SCRIPT_SANDBOXING = YES;
				GCC_C_LANGUAGE_STANDARD = gnu17;
				GCC_DYNAMIC_NO_PIC = NO;
				GCC_NO_COMMON_BLOCKS = YES;
				GCC_OPTIMIZATION_LEVEL = 0;
				GCC_PREPROCESSOR_DEFINITIONS = (
					"DEBUG=1",
					"$(inherited)",
				);
				GCC_WARN_64_TO_32_BIT_CONVERSION = YES;
				GCC_WARN_ABOUT_RETURN_TYPE = YES_ERROR;
				GCC_WARN_UNDECLARED_SELECTOR = YES;
				GCC_WARN_UNINITIALIZED_AUTOS = YES_AGGRESSIVE;
				GCC_WARN_UNUSED_FUNCTION = YES;
				GCC_WARN_UNUSED_VARIABLE = YES;
				LOCALIZATION_PREFERS_STRING_CATALOGS = YES;
				MTL_ENABLE_DEBUG_INFO = INCLUDE_SOURCE;
				MTL_FAST_MATH = YES;
				ONLY_ACTIVE_ARCH = YES;
				SWIFT_ACTIVE_COMPILATION_CONDITIONS = "DEBUG $(inherited)";
				SWIFT_OPTIMIZATION_LEVEL = "-Onone";
			};
			name = Debug;
		};
		BF4181B52D64437400332178 /* Release */ = {
			isa = XCBuildConfiguration;
			buildSettings = {
				ALWAYS_SEARCH_USER_PATHS = NO;
				ASSETCATALOG_COMPILER_GENERATE_SWIFT_ASSET_SYMBOL_EXTENSIONS = YES;
				CLANG_ANALYZER_NONNULL = YES;
				CLANG_ANALYZER_NUMBER_OBJECT_CONVERSION = YES_AGGRESSIVE;
				CLANG_CXX_LANGUAGE_STANDARD = "gnu++20";
				CLANG_ENABLE_MODULES = YES;
				CLANG_ENABLE_OBJC_ARC = YES;
				CLANG_ENABLE_OBJC_WEAK = YES;
				CLANG_WARN_BLOCK_CAPTURE_AUTORELEASING = YES;
				CLANG_WARN_BOOL_CONVERSION = YES;
				CLANG_WARN_COMMA = YES;
				CLANG_WARN_CONSTANT_CONVERSION = YES;
				CLANG_WARN_DEPRECATED_OBJC_IMPLEMENTATIONS = YES;
				CLANG_WARN_DIRECT_OBJC_ISA_USAGE = YES_ERROR;
				CLANG_WARN_DOCUMENTATION_COMMENTS = YES;
				CLANG_WARN_EMPTY_BODY = YES;
				CLANG_WARN_ENUM_CONVERSION = YES;
				CLANG_WARN_INFINITE_RECURSION = YES;
				CLANG_WARN_INT_CONVERSION = YES;
				CLANG_WARN_NON_LITERAL_NULL_CONVERSION = YES;
				CLANG_WARN_OBJC_IMPLICIT_RETAIN_SELF = YES;
				CLANG_WARN_OBJC_LITERAL_CONVERSION = YES;
				CLANG_WARN_OBJC_ROOT_CLASS = YES_ERROR;
				CLANG_WARN_QUOTED_INCLUDE_IN_FRAMEWORK_HEADER = YES;
				CLANG_WARN_RANGE_LOOP_ANALYSIS = YES;
				CLANG_WARN_STRICT_PROTOTYPES = YES;
				CLANG_WARN_SUSPICIOUS_MOVE = YES;
				CLANG_WARN_UNGUARDED_AVAILABILITY = YES_AGGRESSIVE;
				CLANG_WARN_UNREACHABLE_CODE = YES;
				CLANG_WARN__DUPLICATE_METHOD_MATCH = YES;
				COPY_PHASE_STRIP = NO;
				DEBUG_INFORMATION_FORMAT = "dwarf-with-dsym";
				ENABLE_NS_ASSERTIONS = NO;
				ENABLE_STRICT_OBJC_MSGSEND = YES;
				ENABLE_USER_SCRIPT_SANDBOXING = YES;
				GCC_C_LANGUAGE_STANDARD = gnu17;
				GCC_NO_COMMON_BLOCKS = YES;
				GCC_WARN_64_TO_32_BIT_CONVERSION = YES;
				GCC_WARN_ABOUT_RETURN_TYPE = YES_ERROR;
				GCC_WARN_UNDECLARED_SELECTOR = YES;
				GCC_WARN_UNINITIALIZED_AUTOS = YES_AGGRESSIVE;
				GCC_WARN_UNUSED_FUNCTION = YES;
				GCC_WARN_UNUSED_VARIABLE = YES;
				LOCALIZATION_PREFERS_STRING_CATALOGS = YES;
				MTL_ENABLE_DEBUG_INFO = NO;
				MTL_FAST_MATH = YES;
				SWIFT_COMPILATION_MODE = wholemodule;
			};
			name = Release;
		};
		BF4181B72D64437400332178 /* Debug */ = {
			isa = XCBuildConfiguration;
			buildSettings = {
				ASSETCATALOG_COMPILER_APPICON_NAME = AppIcon;
				ASSETCATALOG_COMPILER_GLOBAL_ACCENT_COLOR_NAME = AccentColor;
				CODE_SIGN_ENTITLEMENTS = Bwallet/Bwallet.entitlements;
				CODE_SIGN_STYLE = Automatic;
				CURRENT_PROJECT_VERSION = 1;
				DEVELOPMENT_ASSET_PATHS = "\"Bwallet/Preview Content\"";
				DEVELOPMENT_TEAM = 25WL36ABTN;
				ENABLE_HARDENED_RUNTIME = YES;
				ENABLE_PREVIEWS = YES;
				GENERATE_INFOPLIST_FILE = YES;
				"INFOPLIST_KEY_UIApplicationSceneManifest_Generation[sdk=iphoneos*]" = YES;
				"INFOPLIST_KEY_UIApplicationSceneManifest_Generation[sdk=iphonesimulator*]" = YES;
				"INFOPLIST_KEY_UIApplicationSupportsIndirectInputEvents[sdk=iphoneos*]" = YES;
				"INFOPLIST_KEY_UIApplicationSupportsIndirectInputEvents[sdk=iphonesimulator*]" = YES;
				"INFOPLIST_KEY_UILaunchScreen_Generation[sdk=iphoneos*]" = YES;
				"INFOPLIST_KEY_UILaunchScreen_Generation[sdk=iphonesimulator*]" = YES;
				"INFOPLIST_KEY_UIStatusBarStyle[sdk=iphoneos*]" = UIStatusBarStyleDefault;
				"INFOPLIST_KEY_UIStatusBarStyle[sdk=iphonesimulator*]" = UIStatusBarStyleDefault;
				INFOPLIST_KEY_UISupportedInterfaceOrientations_iPad = "UIInterfaceOrientationPortrait UIInterfaceOrientationPortraitUpsideDown UIInterfaceOrientationLandscapeLeft UIInterfaceOrientationLandscapeRight";
				INFOPLIST_KEY_UISupportedInterfaceOrientations_iPhone = "UIInterfaceOrientationPortrait UIInterfaceOrientationLandscapeLeft UIInterfaceOrientationLandscapeRight";
				IPHONEOS_DEPLOYMENT_TARGET = 18.2;
				LD_RUNPATH_SEARCH_PATHS = "@executable_path/Frameworks";
				"LD_RUNPATH_SEARCH_PATHS[sdk=macosx*]" = "@executable_path/../Frameworks";
				MACOSX_DEPLOYMENT_TARGET = 15.2;
				MARKETING_VERSION = 1.0;
				PRODUCT_BUNDLE_IDENTIFIER = com.missingems.blockain.Bwallet;
				PRODUCT_NAME = "$(TARGET_NAME)";
				SDKROOT = auto;
				SUPPORTED_PLATFORMS = "iphoneos iphonesimulator macosx xros xrsimulator";
				SWIFT_EMIT_LOC_STRINGS = YES;
				SWIFT_VERSION = 5.0;
				TARGETED_DEVICE_FAMILY = "1,2,7";
				XROS_DEPLOYMENT_TARGET = 2.2;
			};
			name = Debug;
		};
		BF4181B82D64437400332178 /* Release */ = {
			isa = XCBuildConfiguration;
			buildSettings = {
				ASSETCATALOG_COMPILER_APPICON_NAME = AppIcon;
				ASSETCATALOG_COMPILER_GLOBAL_ACCENT_COLOR_NAME = AccentColor;
				CODE_SIGN_ENTITLEMENTS = Bwallet/Bwallet.entitlements;
				CODE_SIGN_STYLE = Automatic;
				CURRENT_PROJECT_VERSION = 1;
				DEVELOPMENT_ASSET_PATHS = "\"Bwallet/Preview Content\"";
				DEVELOPMENT_TEAM = 25WL36ABTN;
				ENABLE_HARDENED_RUNTIME = YES;
				ENABLE_PREVIEWS = YES;
				GENERATE_INFOPLIST_FILE = YES;
				"INFOPLIST_KEY_UIApplicationSceneManifest_Generation[sdk=iphoneos*]" = YES;
				"INFOPLIST_KEY_UIApplicationSceneManifest_Generation[sdk=iphonesimulator*]" = YES;
				"INFOPLIST_KEY_UIApplicationSupportsIndirectInputEvents[sdk=iphoneos*]" = YES;
				"INFOPLIST_KEY_UIApplicationSupportsIndirectInputEvents[sdk=iphonesimulator*]" = YES;
				"INFOPLIST_KEY_UILaunchScreen_Generation[sdk=iphoneos*]" = YES;
				"INFOPLIST_KEY_UILaunchScreen_Generation[sdk=iphonesimulator*]" = YES;
				"INFOPLIST_KEY_UIStatusBarStyle[sdk=iphoneos*]" = UIStatusBarStyleDefault;
				"INFOPLIST_KEY_UIStatusBarStyle[sdk=iphonesimulator*]" = UIStatusBarStyleDefault;
				INFOPLIST_KEY_UISupportedInterfaceOrientations_iPad = "UIInterfaceOrientationPortrait UIInterfaceOrientationPortraitUpsideDown UIInterfaceOrientationLandscapeLeft UIInterfaceOrientationLandscapeRight";
				INFOPLIST_KEY_UISupportedInterfaceOrientations_iPhone = "UIInterfaceOrientationPortrait UIInterfaceOrientationLandscapeLeft UIInterfaceOrientationLandscapeRight";
				IPHONEOS_DEPLOYMENT_TARGET = 18.2;
				LD_RUNPATH_SEARCH_PATHS = "@executable_path/Frameworks";
				"LD_RUNPATH_SEARCH_PATHS[sdk=macosx*]" = "@executable_path/../Frameworks";
				MACOSX_DEPLOYMENT_TARGET = 15.2;
				MARKETING_VERSION = 1.0;
				PRODUCT_BUNDLE_IDENTIFIER = com.missingems.blockain.Bwallet;
				PRODUCT_NAME = "$(TARGET_NAME)";
				SDKROOT = auto;
				SUPPORTED_PLATFORMS = "iphoneos iphonesimulator macosx xros xrsimulator";
				SWIFT_EMIT_LOC_STRINGS = YES;
				SWIFT_VERSION = 5.0;
				TARGETED_DEVICE_FAMILY = "1,2,7";
				XROS_DEPLOYMENT_TARGET = 2.2;
			};
			name = Release;
		};
		BF4181DB2D6444F300332178 /* Debug */ = {
			isa = XCBuildConfiguration;
			buildSettings = {
				ALLOW_TARGET_PLATFORM_SPECIALIZATION = YES;
				BUILD_LIBRARY_FOR_DISTRIBUTION = YES;
				CLANG_ENABLE_MODULES = YES;
				CODE_SIGN_STYLE = Automatic;
				CURRENT_PROJECT_VERSION = 1;
				DEFINES_MODULE = YES;
				DEVELOPMENT_TEAM = 25WL36ABTN;
				DYLIB_COMPATIBILITY_VERSION = 1;
				DYLIB_CURRENT_VERSION = 1;
				DYLIB_INSTALL_NAME_BASE = "@rpath";
				ENABLE_MODULE_VERIFIER = YES;
				GENERATE_INFOPLIST_FILE = YES;
				INFOPLIST_KEY_NSHumanReadableCopyright = "";
				INSTALL_PATH = "$(LOCAL_LIBRARY_DIR)/Frameworks";
				IPHONEOS_DEPLOYMENT_TARGET = 18.2;
				LD_RUNPATH_SEARCH_PATHS = (
					"@executable_path/Frameworks",
					"@loader_path/Frameworks",
				);
				"LD_RUNPATH_SEARCH_PATHS[sdk=macosx*]" = (
					"@executable_path/../Frameworks",
					"@loader_path/Frameworks",
				);
				MACOSX_DEPLOYMENT_TARGET = 15.2;
				MARKETING_VERSION = 1.0;
				MODULE_VERIFIER_SUPPORTED_LANGUAGES = "objective-c objective-c++";
				MODULE_VERIFIER_SUPPORTED_LANGUAGE_STANDARDS = "gnu17 gnu++20";
				PRODUCT_BUNDLE_IDENTIFIER = com.missingems.blockain.Domain;
				PRODUCT_NAME = "$(TARGET_NAME:c99extidentifier)";
				SDKROOT = auto;
				SKIP_INSTALL = YES;
				SUPPORTED_PLATFORMS = "iphoneos iphonesimulator macosx xros xrsimulator";
				SWIFT_EMIT_LOC_STRINGS = YES;
				SWIFT_INSTALL_OBJC_HEADER = NO;
				SWIFT_OPTIMIZATION_LEVEL = "-Onone";
				SWIFT_VERSION = 5.0;
				TARGETED_DEVICE_FAMILY = "1,2,7";
				VERSIONING_SYSTEM = "apple-generic";
				VERSION_INFO_PREFIX = "";
				XROS_DEPLOYMENT_TARGET = 2.2;
			};
			name = Debug;
		};
		BF4181DC2D6444F300332178 /* Release */ = {
			isa = XCBuildConfiguration;
			buildSettings = {
				ALLOW_TARGET_PLATFORM_SPECIALIZATION = YES;
				BUILD_LIBRARY_FOR_DISTRIBUTION = YES;
				CLANG_ENABLE_MODULES = YES;
				CODE_SIGN_STYLE = Automatic;
				CURRENT_PROJECT_VERSION = 1;
				DEFINES_MODULE = YES;
				DEVELOPMENT_TEAM = 25WL36ABTN;
				DYLIB_COMPATIBILITY_VERSION = 1;
				DYLIB_CURRENT_VERSION = 1;
				DYLIB_INSTALL_NAME_BASE = "@rpath";
				ENABLE_MODULE_VERIFIER = YES;
				GENERATE_INFOPLIST_FILE = YES;
				INFOPLIST_KEY_NSHumanReadableCopyright = "";
				INSTALL_PATH = "$(LOCAL_LIBRARY_DIR)/Frameworks";
				IPHONEOS_DEPLOYMENT_TARGET = 18.2;
				LD_RUNPATH_SEARCH_PATHS = (
					"@executable_path/Frameworks",
					"@loader_path/Frameworks",
				);
				"LD_RUNPATH_SEARCH_PATHS[sdk=macosx*]" = (
					"@executable_path/../Frameworks",
					"@loader_path/Frameworks",
				);
				MACOSX_DEPLOYMENT_TARGET = 15.2;
				MARKETING_VERSION = 1.0;
				MODULE_VERIFIER_SUPPORTED_LANGUAGES = "objective-c objective-c++";
				MODULE_VERIFIER_SUPPORTED_LANGUAGE_STANDARDS = "gnu17 gnu++20";
				PRODUCT_BUNDLE_IDENTIFIER = com.missingems.blockain.Domain;
				PRODUCT_NAME = "$(TARGET_NAME:c99extidentifier)";
				SDKROOT = auto;
				SKIP_INSTALL = YES;
				SUPPORTED_PLATFORMS = "iphoneos iphonesimulator macosx xros xrsimulator";
				SWIFT_EMIT_LOC_STRINGS = YES;
				SWIFT_INSTALL_OBJC_HEADER = NO;
				SWIFT_VERSION = 5.0;
				TARGETED_DEVICE_FAMILY = "1,2,7";
				VERSIONING_SYSTEM = "apple-generic";
				VERSION_INFO_PREFIX = "";
				XROS_DEPLOYMENT_TARGET = 2.2;
			};
			name = Release;
		};
		BF4181DF2D6444F300332178 /* Debug */ = {
			isa = XCBuildConfiguration;
			buildSettings = {
				ALLOW_TARGET_PLATFORM_SPECIALIZATION = YES;
				CLANG_ENABLE_MODULES = YES;
				CODE_SIGN_STYLE = Automatic;
				CURRENT_PROJECT_VERSION = 1;
				DEVELOPMENT_TEAM = 25WL36ABTN;
				GENERATE_INFOPLIST_FILE = YES;
				IPHONEOS_DEPLOYMENT_TARGET = 18.2;
				MACOSX_DEPLOYMENT_TARGET = 15.2;
				MARKETING_VERSION = 1.0;
				PRODUCT_BUNDLE_IDENTIFIER = com.missingems.blockain.DomainTests;
				PRODUCT_NAME = "$(TARGET_NAME)";
				SDKROOT = auto;
				SUPPORTED_PLATFORMS = "iphoneos iphonesimulator macosx xros xrsimulator";
				SWIFT_EMIT_LOC_STRINGS = NO;
				SWIFT_OPTIMIZATION_LEVEL = "-Onone";
				SWIFT_VERSION = 5.0;
				TARGETED_DEVICE_FAMILY = "1,2,7";
				TEST_HOST = "$(BUILT_PRODUCTS_DIR)/Bwallet.app/$(BUNDLE_EXECUTABLE_FOLDER_PATH)/Bwallet";
				XROS_DEPLOYMENT_TARGET = 2.2;
			};
			name = Debug;
		};
		BF4181E02D6444F300332178 /* Release */ = {
			isa = XCBuildConfiguration;
			buildSettings = {
				ALLOW_TARGET_PLATFORM_SPECIALIZATION = YES;
				CLANG_ENABLE_MODULES = YES;
				CODE_SIGN_STYLE = Automatic;
				CURRENT_PROJECT_VERSION = 1;
				DEVELOPMENT_TEAM = 25WL36ABTN;
				GENERATE_INFOPLIST_FILE = YES;
				IPHONEOS_DEPLOYMENT_TARGET = 18.2;
				MACOSX_DEPLOYMENT_TARGET = 15.2;
				MARKETING_VERSION = 1.0;
				PRODUCT_BUNDLE_IDENTIFIER = com.missingems.blockain.DomainTests;
				PRODUCT_NAME = "$(TARGET_NAME)";
				SDKROOT = auto;
				SUPPORTED_PLATFORMS = "iphoneos iphonesimulator macosx xros xrsimulator";
				SWIFT_EMIT_LOC_STRINGS = NO;
				SWIFT_VERSION = 5.0;
				TARGETED_DEVICE_FAMILY = "1,2,7";
				TEST_HOST = "$(BUILT_PRODUCTS_DIR)/Bwallet.app/$(BUNDLE_EXECUTABLE_FOLDER_PATH)/Bwallet";
				XROS_DEPLOYMENT_TARGET = 2.2;
			};
			name = Release;
		};
		BF4E5D742D6587870050465E /* Debug */ = {
			isa = XCBuildConfiguration;
			buildSettings = {
				ALLOW_TARGET_PLATFORM_SPECIALIZATION = YES;
				BUILD_LIBRARY_FOR_DISTRIBUTION = YES;
				CODE_SIGN_STYLE = Automatic;
				CURRENT_PROJECT_VERSION = 1;
				DEFINES_MODULE = YES;
				DEVELOPMENT_TEAM = 25WL36ABTN;
				DYLIB_COMPATIBILITY_VERSION = 1;
				DYLIB_CURRENT_VERSION = 1;
				DYLIB_INSTALL_NAME_BASE = "@rpath";
				ENABLE_MODULE_VERIFIER = YES;
				GENERATE_INFOPLIST_FILE = YES;
				INFOPLIST_KEY_NSHumanReadableCopyright = "";
				INSTALL_PATH = "$(LOCAL_LIBRARY_DIR)/Frameworks";
				IPHONEOS_DEPLOYMENT_TARGET = 18.2;
				LD_RUNPATH_SEARCH_PATHS = (
					"@executable_path/Frameworks",
					"@loader_path/Frameworks",
				);
				"LD_RUNPATH_SEARCH_PATHS[sdk=macosx*]" = (
					"@executable_path/../Frameworks",
					"@loader_path/Frameworks",
				);
				MACOSX_DEPLOYMENT_TARGET = 15.2;
				MARKETING_VERSION = 1.0;
				MODULE_VERIFIER_SUPPORTED_LANGUAGES = "objective-c objective-c++";
				MODULE_VERIFIER_SUPPORTED_LANGUAGE_STANDARDS = "gnu17 gnu++20";
				PRODUCT_BUNDLE_IDENTIFIER = com.missingems.blockain.PortfolioFeature;
				PRODUCT_NAME = "$(TARGET_NAME:c99extidentifier)";
				SDKROOT = auto;
				SKIP_INSTALL = YES;
				SUPPORTED_PLATFORMS = "iphoneos iphonesimulator macosx xros xrsimulator";
				SWIFT_EMIT_LOC_STRINGS = YES;
				SWIFT_INSTALL_OBJC_HEADER = NO;
				SWIFT_VERSION = 5.0;
				TARGETED_DEVICE_FAMILY = "1,2,7";
				VERSIONING_SYSTEM = "apple-generic";
				VERSION_INFO_PREFIX = "";
				XROS_DEPLOYMENT_TARGET = 2.2;
			};
			name = Debug;
		};
		BF4E5D752D6587870050465E /* Release */ = {
			isa = XCBuildConfiguration;
			buildSettings = {
				ALLOW_TARGET_PLATFORM_SPECIALIZATION = YES;
				BUILD_LIBRARY_FOR_DISTRIBUTION = YES;
				CODE_SIGN_STYLE = Automatic;
				CURRENT_PROJECT_VERSION = 1;
				DEFINES_MODULE = YES;
				DEVELOPMENT_TEAM = 25WL36ABTN;
				DYLIB_COMPATIBILITY_VERSION = 1;
				DYLIB_CURRENT_VERSION = 1;
				DYLIB_INSTALL_NAME_BASE = "@rpath";
				ENABLE_MODULE_VERIFIER = YES;
				GENERATE_INFOPLIST_FILE = YES;
				INFOPLIST_KEY_NSHumanReadableCopyright = "";
				INSTALL_PATH = "$(LOCAL_LIBRARY_DIR)/Frameworks";
				IPHONEOS_DEPLOYMENT_TARGET = 18.2;
				LD_RUNPATH_SEARCH_PATHS = (
					"@executable_path/Frameworks",
					"@loader_path/Frameworks",
				);
				"LD_RUNPATH_SEARCH_PATHS[sdk=macosx*]" = (
					"@executable_path/../Frameworks",
					"@loader_path/Frameworks",
				);
				MACOSX_DEPLOYMENT_TARGET = 15.2;
				MARKETING_VERSION = 1.0;
				MODULE_VERIFIER_SUPPORTED_LANGUAGES = "objective-c objective-c++";
				MODULE_VERIFIER_SUPPORTED_LANGUAGE_STANDARDS = "gnu17 gnu++20";
				PRODUCT_BUNDLE_IDENTIFIER = com.missingems.blockain.PortfolioFeature;
				PRODUCT_NAME = "$(TARGET_NAME:c99extidentifier)";
				SDKROOT = auto;
				SKIP_INSTALL = YES;
				SUPPORTED_PLATFORMS = "iphoneos iphonesimulator macosx xros xrsimulator";
				SWIFT_EMIT_LOC_STRINGS = YES;
				SWIFT_INSTALL_OBJC_HEADER = NO;
				SWIFT_VERSION = 5.0;
				TARGETED_DEVICE_FAMILY = "1,2,7";
				VERSIONING_SYSTEM = "apple-generic";
				VERSION_INFO_PREFIX = "";
				XROS_DEPLOYMENT_TARGET = 2.2;
			};
			name = Release;
		};
		BF4E5D772D6587870050465E /* Debug */ = {
			isa = XCBuildConfiguration;
			buildSettings = {
				ALLOW_TARGET_PLATFORM_SPECIALIZATION = YES;
				CODE_SIGN_STYLE = Automatic;
				CURRENT_PROJECT_VERSION = 1;
				DEVELOPMENT_TEAM = 25WL36ABTN;
				GENERATE_INFOPLIST_FILE = YES;
				IPHONEOS_DEPLOYMENT_TARGET = 18.2;
				MACOSX_DEPLOYMENT_TARGET = 15.2;
				MARKETING_VERSION = 1.0;
				PRODUCT_BUNDLE_IDENTIFIER = com.missingems.blockain.PortfolioFeatureTests;
				PRODUCT_NAME = "$(TARGET_NAME)";
				SDKROOT = auto;
				SUPPORTED_PLATFORMS = "iphoneos iphonesimulator macosx xros xrsimulator";
				SWIFT_EMIT_LOC_STRINGS = NO;
				SWIFT_VERSION = 5.0;
				TARGETED_DEVICE_FAMILY = "1,2,7";
				TEST_HOST = "$(BUILT_PRODUCTS_DIR)/Bwallet.app/$(BUNDLE_EXECUTABLE_FOLDER_PATH)/Bwallet";
				XROS_DEPLOYMENT_TARGET = 2.2;
			};
			name = Debug;
		};
		BF4E5D782D6587870050465E /* Release */ = {
			isa = XCBuildConfiguration;
			buildSettings = {
				ALLOW_TARGET_PLATFORM_SPECIALIZATION = YES;
				CODE_SIGN_STYLE = Automatic;
				CURRENT_PROJECT_VERSION = 1;
				DEVELOPMENT_TEAM = 25WL36ABTN;
				GENERATE_INFOPLIST_FILE = YES;
				IPHONEOS_DEPLOYMENT_TARGET = 18.2;
				MACOSX_DEPLOYMENT_TARGET = 15.2;
				MARKETING_VERSION = 1.0;
				PRODUCT_BUNDLE_IDENTIFIER = com.missingems.blockain.PortfolioFeatureTests;
				PRODUCT_NAME = "$(TARGET_NAME)";
				SDKROOT = auto;
				SUPPORTED_PLATFORMS = "iphoneos iphonesimulator macosx xros xrsimulator";
				SWIFT_EMIT_LOC_STRINGS = NO;
				SWIFT_VERSION = 5.0;
				TARGETED_DEVICE_FAMILY = "1,2,7";
				TEST_HOST = "$(BUILT_PRODUCTS_DIR)/Bwallet.app/$(BUNDLE_EXECUTABLE_FOLDER_PATH)/Bwallet";
				XROS_DEPLOYMENT_TARGET = 2.2;
			};
			name = Release;
		};
		BF4E5D952D6587C10050465E /* Debug */ = {
			isa = XCBuildConfiguration;
			buildSettings = {
				BUILD_LIBRARY_FOR_DISTRIBUTION = YES;
				CODE_SIGN_STYLE = Automatic;
				CURRENT_PROJECT_VERSION = 1;
				DEFINES_MODULE = YES;
				DEVELOPMENT_TEAM = 25WL36ABTN;
				DYLIB_COMPATIBILITY_VERSION = 1;
				DYLIB_CURRENT_VERSION = 1;
				DYLIB_INSTALL_NAME_BASE = "@rpath";
				ENABLE_MODULE_VERIFIER = YES;
				GENERATE_INFOPLIST_FILE = YES;
				INFOPLIST_KEY_NSHumanReadableCopyright = "";
				INSTALL_PATH = "$(LOCAL_LIBRARY_DIR)/Frameworks";
				LD_RUNPATH_SEARCH_PATHS = (
					"$(inherited)",
					"@executable_path/Frameworks",
					"@loader_path/Frameworks",
				);
				MARKETING_VERSION = 1.0;
				MODULE_VERIFIER_SUPPORTED_LANGUAGES = "objective-c objective-c++";
				MODULE_VERIFIER_SUPPORTED_LANGUAGE_STANDARDS = "gnu17 gnu++20";
				PRODUCT_BUNDLE_IDENTIFIER = com.missingems.blockain.Core;
				PRODUCT_NAME = "$(TARGET_NAME:c99extidentifier)";
				SDKROOT = xros;
				SKIP_INSTALL = YES;
				SUPPORTED_PLATFORMS = "iphoneos iphonesimulator macosx xros xrsimulator";
				SUPPORTS_MACCATALYST = NO;
				SUPPORTS_MAC_DESIGNED_FOR_IPHONE_IPAD = NO;
				SUPPORTS_XR_DESIGNED_FOR_IPHONE_IPAD = NO;
				SWIFT_EMIT_LOC_STRINGS = YES;
				SWIFT_INSTALL_OBJC_HEADER = NO;
				SWIFT_VERSION = 5.0;
				TARGETED_DEVICE_FAMILY = "1,2,6,7";
				VERSIONING_SYSTEM = "apple-generic";
				VERSION_INFO_PREFIX = "";
				XROS_DEPLOYMENT_TARGET = 2.2;
			};
			name = Debug;
		};
		BF4E5D962D6587C10050465E /* Release */ = {
			isa = XCBuildConfiguration;
			buildSettings = {
				BUILD_LIBRARY_FOR_DISTRIBUTION = YES;
				CODE_SIGN_STYLE = Automatic;
				CURRENT_PROJECT_VERSION = 1;
				DEFINES_MODULE = YES;
				DEVELOPMENT_TEAM = 25WL36ABTN;
				DYLIB_COMPATIBILITY_VERSION = 1;
				DYLIB_CURRENT_VERSION = 1;
				DYLIB_INSTALL_NAME_BASE = "@rpath";
				ENABLE_MODULE_VERIFIER = YES;
				GENERATE_INFOPLIST_FILE = YES;
				INFOPLIST_KEY_NSHumanReadableCopyright = "";
				INSTALL_PATH = "$(LOCAL_LIBRARY_DIR)/Frameworks";
				LD_RUNPATH_SEARCH_PATHS = (
					"$(inherited)",
					"@executable_path/Frameworks",
					"@loader_path/Frameworks",
				);
				MARKETING_VERSION = 1.0;
				MODULE_VERIFIER_SUPPORTED_LANGUAGES = "objective-c objective-c++";
				MODULE_VERIFIER_SUPPORTED_LANGUAGE_STANDARDS = "gnu17 gnu++20";
				PRODUCT_BUNDLE_IDENTIFIER = com.missingems.blockain.Core;
				PRODUCT_NAME = "$(TARGET_NAME:c99extidentifier)";
				SDKROOT = xros;
				SKIP_INSTALL = YES;
				SUPPORTED_PLATFORMS = "iphoneos iphonesimulator macosx xros xrsimulator";
				SUPPORTS_MACCATALYST = NO;
				SUPPORTS_MAC_DESIGNED_FOR_IPHONE_IPAD = NO;
				SUPPORTS_XR_DESIGNED_FOR_IPHONE_IPAD = NO;
				SWIFT_EMIT_LOC_STRINGS = YES;
				SWIFT_INSTALL_OBJC_HEADER = NO;
				SWIFT_VERSION = 5.0;
				TARGETED_DEVICE_FAMILY = "1,2,6,7";
				VALIDATE_PRODUCT = YES;
				VERSIONING_SYSTEM = "apple-generic";
				VERSION_INFO_PREFIX = "";
				XROS_DEPLOYMENT_TARGET = 2.2;
			};
			name = Release;
		};
		BF4E5D982D6587C10050465E /* Debug */ = {
			isa = XCBuildConfiguration;
			buildSettings = {
				CODE_SIGN_STYLE = Automatic;
				CURRENT_PROJECT_VERSION = 1;
				DEVELOPMENT_TEAM = 25WL36ABTN;
				GENERATE_INFOPLIST_FILE = YES;
				MARKETING_VERSION = 1.0;
				PRODUCT_BUNDLE_IDENTIFIER = com.missingems.blockain.CoreTests;
				PRODUCT_NAME = "$(TARGET_NAME)";
				REGISTER_APP_GROUPS = NO;
				SDKROOT = xros;
				SUPPORTED_PLATFORMS = "iphoneos iphonesimulator macosx xros xrsimulator";
				SUPPORTS_MACCATALYST = NO;
				SWIFT_EMIT_LOC_STRINGS = NO;
				SWIFT_VERSION = 5.0;
				TARGETED_DEVICE_FAMILY = "1,2,7";
				TEST_HOST = "$(BUILT_PRODUCTS_DIR)/Bwallet.app/$(BUNDLE_EXECUTABLE_FOLDER_PATH)/Bwallet";
				XROS_DEPLOYMENT_TARGET = 2.2;
			};
			name = Debug;
		};
		BF4E5D992D6587C10050465E /* Release */ = {
			isa = XCBuildConfiguration;
			buildSettings = {
				CODE_SIGN_STYLE = Automatic;
				CURRENT_PROJECT_VERSION = 1;
				DEVELOPMENT_TEAM = 25WL36ABTN;
				GENERATE_INFOPLIST_FILE = YES;
				MARKETING_VERSION = 1.0;
				PRODUCT_BUNDLE_IDENTIFIER = com.missingems.blockain.CoreTests;
				PRODUCT_NAME = "$(TARGET_NAME)";
				REGISTER_APP_GROUPS = NO;
				SDKROOT = xros;
				SUPPORTED_PLATFORMS = "iphoneos iphonesimulator macosx xros xrsimulator";
				SUPPORTS_MACCATALYST = NO;
				SWIFT_EMIT_LOC_STRINGS = NO;
				SWIFT_VERSION = 5.0;
				TARGETED_DEVICE_FAMILY = "1,2,7";
				TEST_HOST = "$(BUILT_PRODUCTS_DIR)/Bwallet.app/$(BUNDLE_EXECUTABLE_FOLDER_PATH)/Bwallet";
				VALIDATE_PRODUCT = YES;
				XROS_DEPLOYMENT_TARGET = 2.2;
			};
			name = Release;
		};
		BFC0929F2D64F992005742C0 /* Debug */ = {
			isa = XCBuildConfiguration;
			buildSettings = {
				ALLOW_TARGET_PLATFORM_SPECIALIZATION = YES;
				BUILD_LIBRARY_FOR_DISTRIBUTION = YES;
				CODE_SIGN_STYLE = Automatic;
				CURRENT_PROJECT_VERSION = 1;
				DEFINES_MODULE = YES;
				DEVELOPMENT_TEAM = 25WL36ABTN;
				DYLIB_COMPATIBILITY_VERSION = 1;
				DYLIB_CURRENT_VERSION = 1;
				DYLIB_INSTALL_NAME_BASE = "@rpath";
				ENABLE_MODULE_VERIFIER = YES;
				GENERATE_INFOPLIST_FILE = YES;
				INFOPLIST_KEY_NSHumanReadableCopyright = "";
				INSTALL_PATH = "$(LOCAL_LIBRARY_DIR)/Frameworks";
				IPHONEOS_DEPLOYMENT_TARGET = 18.2;
				LD_RUNPATH_SEARCH_PATHS = (
					"@executable_path/Frameworks",
					"@loader_path/Frameworks",
				);
				"LD_RUNPATH_SEARCH_PATHS[sdk=macosx*]" = (
					"@executable_path/../Frameworks",
					"@loader_path/Frameworks",
				);
				MACOSX_DEPLOYMENT_TARGET = 15.2;
				MARKETING_VERSION = 1.0;
				MODULE_VERIFIER_SUPPORTED_LANGUAGES = "objective-c objective-c++";
				MODULE_VERIFIER_SUPPORTED_LANGUAGE_STANDARDS = "gnu17 gnu++20";
				PRODUCT_BUNDLE_IDENTIFIER = com.missingems.blockain.Dependency;
				PRODUCT_NAME = "$(TARGET_NAME:c99extidentifier)";
				SDKROOT = auto;
				SKIP_INSTALL = YES;
				SUPPORTED_PLATFORMS = "iphoneos iphonesimulator macosx xros xrsimulator";
				SWIFT_EMIT_LOC_STRINGS = YES;
				SWIFT_INSTALL_OBJC_HEADER = NO;
				SWIFT_VERSION = 5.0;
				TARGETED_DEVICE_FAMILY = "1,2,7";
				VERSIONING_SYSTEM = "apple-generic";
				VERSION_INFO_PREFIX = "";
				XROS_DEPLOYMENT_TARGET = 2.2;
			};
			name = Debug;
		};
		BFC092A02D64F992005742C0 /* Release */ = {
			isa = XCBuildConfiguration;
			buildSettings = {
				ALLOW_TARGET_PLATFORM_SPECIALIZATION = YES;
				BUILD_LIBRARY_FOR_DISTRIBUTION = YES;
				CODE_SIGN_STYLE = Automatic;
				CURRENT_PROJECT_VERSION = 1;
				DEFINES_MODULE = YES;
				DEVELOPMENT_TEAM = 25WL36ABTN;
				DYLIB_COMPATIBILITY_VERSION = 1;
				DYLIB_CURRENT_VERSION = 1;
				DYLIB_INSTALL_NAME_BASE = "@rpath";
				ENABLE_MODULE_VERIFIER = YES;
				GENERATE_INFOPLIST_FILE = YES;
				INFOPLIST_KEY_NSHumanReadableCopyright = "";
				INSTALL_PATH = "$(LOCAL_LIBRARY_DIR)/Frameworks";
				IPHONEOS_DEPLOYMENT_TARGET = 18.2;
				LD_RUNPATH_SEARCH_PATHS = (
					"@executable_path/Frameworks",
					"@loader_path/Frameworks",
				);
				"LD_RUNPATH_SEARCH_PATHS[sdk=macosx*]" = (
					"@executable_path/../Frameworks",
					"@loader_path/Frameworks",
				);
				MACOSX_DEPLOYMENT_TARGET = 15.2;
				MARKETING_VERSION = 1.0;
				MODULE_VERIFIER_SUPPORTED_LANGUAGES = "objective-c objective-c++";
				MODULE_VERIFIER_SUPPORTED_LANGUAGE_STANDARDS = "gnu17 gnu++20";
				PRODUCT_BUNDLE_IDENTIFIER = com.missingems.blockain.Dependency;
				PRODUCT_NAME = "$(TARGET_NAME:c99extidentifier)";
				SDKROOT = auto;
				SKIP_INSTALL = YES;
				SUPPORTED_PLATFORMS = "iphoneos iphonesimulator macosx xros xrsimulator";
				SWIFT_EMIT_LOC_STRINGS = YES;
				SWIFT_INSTALL_OBJC_HEADER = NO;
				SWIFT_VERSION = 5.0;
				TARGETED_DEVICE_FAMILY = "1,2,7";
				VERSIONING_SYSTEM = "apple-generic";
				VERSION_INFO_PREFIX = "";
				XROS_DEPLOYMENT_TARGET = 2.2;
			};
			name = Release;
		};
		BFC092A22D64F992005742C0 /* Debug */ = {
			isa = XCBuildConfiguration;
			buildSettings = {
				ALLOW_TARGET_PLATFORM_SPECIALIZATION = YES;
				CODE_SIGN_STYLE = Automatic;
				CURRENT_PROJECT_VERSION = 1;
				DEVELOPMENT_TEAM = 25WL36ABTN;
				GENERATE_INFOPLIST_FILE = YES;
				IPHONEOS_DEPLOYMENT_TARGET = 18.2;
				MACOSX_DEPLOYMENT_TARGET = 15.2;
				MARKETING_VERSION = 1.0;
				PRODUCT_BUNDLE_IDENTIFIER = com.missingems.blockain.DependencyTests;
				PRODUCT_NAME = "$(TARGET_NAME)";
				SDKROOT = auto;
				SUPPORTED_PLATFORMS = "iphoneos iphonesimulator macosx xros xrsimulator";
				SWIFT_EMIT_LOC_STRINGS = NO;
				SWIFT_VERSION = 5.0;
				TARGETED_DEVICE_FAMILY = "1,2,7";
				TEST_HOST = "$(BUILT_PRODUCTS_DIR)/Bwallet.app/$(BUNDLE_EXECUTABLE_FOLDER_PATH)/Bwallet";
				XROS_DEPLOYMENT_TARGET = 2.2;
			};
			name = Debug;
		};
		BFC092A32D64F992005742C0 /* Release */ = {
			isa = XCBuildConfiguration;
			buildSettings = {
				ALLOW_TARGET_PLATFORM_SPECIALIZATION = YES;
				CODE_SIGN_STYLE = Automatic;
				CURRENT_PROJECT_VERSION = 1;
				DEVELOPMENT_TEAM = 25WL36ABTN;
				GENERATE_INFOPLIST_FILE = YES;
				IPHONEOS_DEPLOYMENT_TARGET = 18.2;
				MACOSX_DEPLOYMENT_TARGET = 15.2;
				MARKETING_VERSION = 1.0;
				PRODUCT_BUNDLE_IDENTIFIER = com.missingems.blockain.DependencyTests;
				PRODUCT_NAME = "$(TARGET_NAME)";
				SDKROOT = auto;
				SUPPORTED_PLATFORMS = "iphoneos iphonesimulator macosx xros xrsimulator";
				SWIFT_EMIT_LOC_STRINGS = NO;
				SWIFT_VERSION = 5.0;
				TARGETED_DEVICE_FAMILY = "1,2,7";
				TEST_HOST = "$(BUILT_PRODUCTS_DIR)/Bwallet.app/$(BUNDLE_EXECUTABLE_FOLDER_PATH)/Bwallet";
				XROS_DEPLOYMENT_TARGET = 2.2;
			};
			name = Release;
		};
/* End XCBuildConfiguration section */

/* Begin XCConfigurationList section */
		BF260B4D2D64A5C300C180C4 /* Build configuration list for PBXNativeTarget "Service" */ = {
			isa = XCConfigurationList;
			buildConfigurations = (
				BF260B4E2D64A5C300C180C4 /* Debug */,
				BF260B4F2D64A5C300C180C4 /* Release */,
			);
			defaultConfigurationIsVisible = 0;
			defaultConfigurationName = Release;
		};
		BF41818C2D64437300332178 /* Build configuration list for PBXProject "Bwallet" */ = {
			isa = XCConfigurationList;
			buildConfigurations = (
				BF4181B42D64437400332178 /* Debug */,
				BF4181B52D64437400332178 /* Release */,
			);
			defaultConfigurationIsVisible = 0;
			defaultConfigurationName = Release;
		};
		BF4181B62D64437400332178 /* Build configuration list for PBXNativeTarget "Bwallet" */ = {
			isa = XCConfigurationList;
			buildConfigurations = (
				BF4181B72D64437400332178 /* Debug */,
				BF4181B82D64437400332178 /* Release */,
			);
			defaultConfigurationIsVisible = 0;
			defaultConfigurationName = Release;
		};
		BF4181DA2D6444F300332178 /* Build configuration list for PBXNativeTarget "Domain" */ = {
			isa = XCConfigurationList;
			buildConfigurations = (
				BF4181DB2D6444F300332178 /* Debug */,
				BF4181DC2D6444F300332178 /* Release */,
			);
			defaultConfigurationIsVisible = 0;
			defaultConfigurationName = Release;
		};
		BF4181DE2D6444F300332178 /* Build configuration list for PBXNativeTarget "DomainTests" */ = {
			isa = XCConfigurationList;
			buildConfigurations = (
				BF4181DF2D6444F300332178 /* Debug */,
				BF4181E02D6444F300332178 /* Release */,
			);
			defaultConfigurationIsVisible = 0;
			defaultConfigurationName = Release;
		};
		BF4E5D732D6587870050465E /* Build configuration list for PBXNativeTarget "PortfolioFeature" */ = {
			isa = XCConfigurationList;
			buildConfigurations = (
				BF4E5D742D6587870050465E /* Debug */,
				BF4E5D752D6587870050465E /* Release */,
			);
			defaultConfigurationIsVisible = 0;
			defaultConfigurationName = Release;
		};
		BF4E5D762D6587870050465E /* Build configuration list for PBXNativeTarget "PortfolioFeatureTests" */ = {
			isa = XCConfigurationList;
			buildConfigurations = (
				BF4E5D772D6587870050465E /* Debug */,
				BF4E5D782D6587870050465E /* Release */,
			);
			defaultConfigurationIsVisible = 0;
			defaultConfigurationName = Release;
		};
		BF4E5D942D6587C10050465E /* Build configuration list for PBXNativeTarget "Core" */ = {
			isa = XCConfigurationList;
			buildConfigurations = (
				BF4E5D952D6587C10050465E /* Debug */,
				BF4E5D962D6587C10050465E /* Release */,
			);
			defaultConfigurationIsVisible = 0;
			defaultConfigurationName = Release;
		};
		BF4E5D972D6587C10050465E /* Build configuration list for PBXNativeTarget "CoreTests" */ = {
			isa = XCConfigurationList;
			buildConfigurations = (
				BF4E5D982D6587C10050465E /* Debug */,
				BF4E5D992D6587C10050465E /* Release */,
			);
			defaultConfigurationIsVisible = 0;
			defaultConfigurationName = Release;
		};
		BFC0929E2D64F992005742C0 /* Build configuration list for PBXNativeTarget "Dependency" */ = {
			isa = XCConfigurationList;
			buildConfigurations = (
				BFC0929F2D64F992005742C0 /* Debug */,
				BFC092A02D64F992005742C0 /* Release */,
			);
			defaultConfigurationIsVisible = 0;
			defaultConfigurationName = Release;
		};
		BFC092A12D64F992005742C0 /* Build configuration list for PBXNativeTarget "DependencyTests" */ = {
			isa = XCConfigurationList;
			buildConfigurations = (
				BFC092A22D64F992005742C0 /* Debug */,
				BFC092A32D64F992005742C0 /* Release */,
			);
			defaultConfigurationIsVisible = 0;
			defaultConfigurationName = Release;
		};
/* End XCConfigurationList section */
	};
	rootObject = BF4181892D64437300332178 /* Project object */;
}
